
Microsoft Visual Studio Solution File, Format Version 12.00
# Visual Studio Version 17
VisualStudioVersion = 17.0.31903.59
MinimumVisualStudioVersion = 10.0.40219.1
Project("{2150E333-8FDC-42A3-9474-1A3956D46DE8}") = "src", "src", "{827E0CD3-B72D-47B6-A68D-7590B98EB39B}"
EndProject
Project("{FAE04EC0-301F-11D3-BF4B-00C04F79EFBC}") = "Compliance360.Domain", "src\Compliance360.Domain\Compliance360.Domain.csproj", "{0A7D5762-00A8-427A-A892-0DE8A6EBA33B}"
EndProject
Project("{FAE04EC0-301F-11D3-BF4B-00C04F79EFBC}") = "Compliance360.Application", "src\Compliance360.Application\Compliance360.Application.csproj", "{895B85A1-244A-4901-A5A4-E04A901699F0}"
EndProject
Project("{FAE04EC0-301F-11D3-BF4B-00C04F79EFBC}") = "Compliance360.Infrastructure", "src\Compliance360.Infrastructure\Compliance360.Infrastructure.csproj", "{4D4A6902-A964-42DC-ABC3-C55A44FA74AF}"
EndProject
Project("{FAE04EC0-301F-11D3-BF4B-00C04F79EFBC}") = "Compliance360.Web", "src\Compliance360.Web\Compliance360.Web.csproj", "{543028A5-E3C1-4EF4-800A-AB2775D4CFBC}"
EndProject
Project("{FAE04EC0-301F-11D3-BF4B-00C04F79EFBC}") = "Compliance360.Shared", "src\Compliance360.Shared\Compliance360.Shared.csproj", "{EB6E8CC3-BC0F-43B2-BF7D-C907796AB55B}"
EndProject
Project("{FAE04EC0-301F-11D3-BF4B-00C04F79EFBC}") = "Compliance360.Tests", "tests\Compliance360.Tests\Compliance360.Tests.csproj", "{37A3C9FC-0B43-4882-B9FA-305C13933113}"
EndProject
Project("{FAE04EC0-301F-11D3-BF4B-00C04F79EFBC}") = "Compliance360.Worker", "src\Compliance360.Worker\Compliance360.Worker.csproj", "{33DFEC03-CEB7-488F-A1A3-876391132396}"
EndProject
Global
	GlobalSection(SolutionConfigurationPlatforms) = preSolution
		Debug|Any CPU = Debug|Any CPU
		Debug|x64 = Debug|x64
		Debug|x86 = Debug|x86
		Release|Any CPU = Release|Any CPU
		Release|x64 = Release|x64
		Release|x86 = Release|x86
	EndGlobalSection
	GlobalSection(ProjectConfigurationPlatforms) = postSolution
		{0A7D5762-00A8-427A-A892-0DE8A6EBA33B}.Debug|Any CPU.ActiveCfg = Debug|Any CPU
		{0A7D5762-00A8-427A-A892-0DE8A6EBA33B}.Debug|Any CPU.Build.0 = Debug|Any CPU
		{0A7D5762-00A8-427A-A892-0DE8A6EBA33B}.Debug|x64.ActiveCfg = Debug|Any CPU
		{0A7D5762-00A8-427A-A892-0DE8A6EBA33B}.Debug|x64.Build.0 = Debug|Any CPU
		{0A7D5762-00A8-427A-A892-0DE8A6EBA33B}.Debug|x86.ActiveCfg = Debug|Any CPU
		{0A7D5762-00A8-427A-A892-0DE8A6EBA33B}.Debug|x86.Build.0 = Debug|Any CPU
		{0A7D5762-00A8-427A-A892-0DE8A6EBA33B}.Release|Any CPU.ActiveCfg = Release|Any CPU
		{0A7D5762-00A8-427A-A892-0DE8A6EBA33B}.Release|Any CPU.Build.0 = Release|Any CPU
		{0A7D5762-00A8-427A-A892-0DE8A6EBA33B}.Release|x64.ActiveCfg = Release|Any CPU
		{0A7D5762-00A8-427A-A892-0DE8A6EBA33B}.Release|x64.Build.0 = Release|Any CPU
		{0A7D5762-00A8-427A-A892-0DE8A6EBA33B}.Release|x86.ActiveCfg = Release|Any CPU
		{0A7D5762-00A8-427A-A892-0DE8A6EBA33B}.Release|x86.Build.0 = Release|Any CPU
		{895B85A1-244A-4901-A5A4-E04A901699F0}.Debug|Any CPU.ActiveCfg = Debug|Any CPU
		{895B85A1-244A-4901-A5A4-E04A901699F0}.Debug|Any CPU.Build.0 = Debug|Any CPU
		{895B85A1-244A-4901-A5A4-E04A901699F0}.Debug|x64.ActiveCfg = Debug|Any CPU
		{895B85A1-244A-4901-A5A4-E04A901699F0}.Debug|x64.Build.0 = Debug|Any CPU
		{895B85A1-244A-4901-A5A4-E04A901699F0}.Debug|x86.ActiveCfg = Debug|Any CPU
		{895B85A1-244A-4901-A5A4-E04A901699F0}.Debug|x86.Build.0 = Debug|Any CPU
		{895B85A1-244A-4901-A5A4-E04A901699F0}.Release|Any CPU.ActiveCfg = Release|Any CPU
		{895B85A1-244A-4901-A5A4-E04A901699F0}.Release|Any CPU.Build.0 = Release|Any CPU
		{895B85A1-244A-4901-A5A4-E04A901699F0}.Release|x64.ActiveCfg = Release|Any CPU
		{895B85A1-244A-4901-A5A4-E04A901699F0}.Release|x64.Build.0 = Release|Any CPU
		{895B85A1-244A-4901-A5A4-E04A901699F0}.Release|x86.ActiveCfg = Release|Any CPU
		{895B85A1-244A-4901-A5A4-E04A901699F0}.Release|x86.Build.0 = Release|Any CPU
		{4D4A6902-A964-42DC-ABC3-C55A44FA74AF}.Debug|Any CPU.ActiveCfg = Debug|Any CPU
		{4D4A6902-A964-42DC-ABC3-C55A44FA74AF}.Debug|Any CPU.Build.0 = Debug|Any CPU
		{4D4A6902-A964-42DC-ABC3-C55A44FA74AF}.Debug|x64.ActiveCfg = Debug|Any CPU
		{4D4A6902-A964-42DC-ABC3-C55A44FA74AF}.Debug|x64.Build.0 = Debug|Any CPU
		{4D4A6902-A964-42DC-ABC3-C55A44FA74AF}.Debug|x86.ActiveCfg = Debug|Any CPU
		{4D4A6902-A964-42DC-ABC3-C55A44FA74AF}.Debug|x86.Build.0 = Debug|Any CPU
		{4D4A6902-A964-42DC-ABC3-C55A44FA74AF}.Release|Any CPU.ActiveCfg = Release|Any CPU
		{4D4A6902-A964-42DC-ABC3-C55A44FA74AF}.Release|Any CPU.Build.0 = Release|Any CPU
		{4D4A6902-A964-42DC-ABC3-C55A44FA74AF}.Release|x64.ActiveCfg = Release|Any CPU
		{4D4A6902-A964-42DC-ABC3-C55A44FA74AF}.Release|x64.Build.0 = Release|Any CPU
		{4D4A6902-A964-42DC-ABC3-C55A44FA74AF}.Release|x86.ActiveCfg = Release|Any CPU
		{4D4A6902-A964-42DC-ABC3-C55A44FA74AF}.Release|x86.Build.0 = Release|Any CPU
		{543028A5-E3C1-4EF4-800A-AB2775D4CFBC}.Debug|Any CPU.ActiveCfg = Debug|Any CPU
		{543028A5-E3C1-4EF4-800A-AB2775D4CFBC}.Debug|Any CPU.Build.0 = Debug|Any CPU
		{543028A5-E3C1-4EF4-800A-AB2775D4CFBC}.Debug|x64.ActiveCfg = Debug|Any CPU
		{543028A5-E3C1-4EF4-800A-AB2775D4CFBC}.Debug|x64.Build.0 = Debug|Any CPU
		{543028A5-E3C1-4EF4-800A-AB2775D4CFBC}.Debug|x86.ActiveCfg = Debug|Any CPU
		{543028A5-E3C1-4EF4-800A-AB2775D4CFBC}.Debug|x86.Build.0 = Debug|Any CPU
		{543028A5-E3C1-4EF4-800A-AB2775D4CFBC}.Release|Any CPU.ActiveCfg = Release|Any CPU
		{543028A5-E3C1-4EF4-800A-AB2775D4CFBC}.Release|Any CPU.Build.0 = Release|Any CPU
		{543028A5-E3C1-4EF4-800A-AB2775D4CFBC}.Release|x64.ActiveCfg = Release|Any CPU
		{543028A5-E3C1-4EF4-800A-AB2775D4CFBC}.Release|x64.Build.0 = Release|Any CPU
		{543028A5-E3C1-4EF4-800A-AB2775D4CFBC}.Release|x86.ActiveCfg = Release|Any CPU
		{543028A5-E3C1-4EF4-800A-AB2775D4CFBC}.Release|x86.Build.0 = Release|Any CPU
		{EB6E8CC3-BC0F-43B2-BF7D-C907796AB55B}.Debug|Any CPU.ActiveCfg = Debug|Any CPU
		{EB6E8CC3-BC0F-43B2-BF7D-C907796AB55B}.Debug|Any CPU.Build.0 = Debug|Any CPU
		{EB6E8CC3-BC0F-43B2-BF7D-C907796AB55B}.Debug|x64.ActiveCfg = Debug|Any CPU
		{EB6E8CC3-BC0F-43B2-BF7D-C907796AB55B}.Debug|x64.Build.0 = Debug|Any CPU
		{EB6E8CC3-BC0F-43B2-BF7D-C907796AB55B}.Debug|x86.ActiveCfg = Debug|Any CPU
		{EB6E8CC3-BC0F-43B2-BF7D-C907796AB55B}.Debug|x86.Build.0 = Debug|Any CPU
		{EB6E8CC3-BC0F-43B2-BF7D-C907796AB55B}.Release|Any CPU.ActiveCfg = Release|Any CPU
		{EB6E8CC3-BC0F-43B2-BF7D-C907796AB55B}.Release|Any CPU.Build.0 = Release|Any CPU
		{EB6E8CC3-BC0F-43B2-BF7D-C907796AB55B}.Release|x64.ActiveCfg = Release|Any CPU
		{EB6E8CC3-BC0F-43B2-BF7D-C907796AB55B}.Release|x64.Build.0 = Release|Any CPU
		{EB6E8CC3-BC0F-43B2-BF7D-C907796AB55B}.Release|x86.ActiveCfg = Release|Any CPU
		{EB6E8CC3-BC0F-43B2-BF7D-C907796AB55B}.Release|x86.Build.0 = Release|Any CPU
		{37A3C9FC-0B43-4882-B9FA-305C13933113}.Debug|Any CPU.ActiveCfg = Debug|Any CPU
		{37A3C9FC-0B43-4882-B9FA-305C13933113}.Debug|Any CPU.Build.0 = Debug|Any CPU
		{37A3C9FC-0B43-4882-B9FA-305C13933113}.Debug|x64.ActiveCfg = Debug|Any CPU
		{37A3C9FC-0B43-4882-B9FA-305C13933113}.Debug|x64.Build.0 = Debug|Any CPU
		{37A3C9FC-0B43-4882-B9FA-305C13933113}.Debug|x86.ActiveCfg = Debug|Any CPU
		{37A3C9FC-0B43-4882-B9FA-305C13933113}.Debug|x86.Build.0 = Debug|Any CPU
		{37A3C9FC-0B43-4882-B9FA-305C13933113}.Release|Any CPU.ActiveCfg = Release|Any CPU
		{37A3C9FC-0B43-4882-B9FA-305C13933113}.Release|Any CPU.Build.0 = Release|Any CPU
		{37A3C9FC-0B43-4882-B9FA-305C13933113}.Release|x64.ActiveCfg = Release|Any CPU
		{37A3C9FC-0B43-4882-B9FA-305C13933113}.Release|x64.Build.0 = Release|Any CPU
		{37A3C9FC-0B43-4882-B9FA-305C13933113}.Release|x86.ActiveCfg = Release|Any CPU
		{37A3C9FC-0B43-4882-B9FA-305C13933113}.Release|x86.Build.0 = Release|Any CPU
		{33DFEC03-CEB7-488F-A1A3-876391132396}.Debug|Any CPU.ActiveCfg = Debug|Any CPU
		{33DFEC03-CEB7-488F-A1A3-876391132396}.Debug|Any CPU.Build.0 = Debug|Any CPU
		{33DFEC03-CEB7-488F-A1A3-876391132396}.Debug|x64.ActiveCfg = Debug|Any CPU
		{33DFEC03-CEB7-488F-A1A3-876391132396}.Debug|x64.Build.0 = Debug|Any CPU
		{33DFEC03-CEB7-488F-A1A3-876391132396}.Debug|x86.ActiveCfg = Debug|Any CPU
		{33DFEC03-CEB7-488F-A1A3-876391132396}.Debug|x86.Build.0 = Debug|Any CPU
		{33DFEC03-CEB7-488F-A1A3-876391132396}.Release|Any CPU.ActiveCfg = Release|Any CPU
		{33DFEC03-CEB7-488F-A1A3-876391132396}.Release|Any CPU.Build.0 = Release|Any CPU
		{33DFEC03-CEB7-488F-A1A3-876391132396}.Release|x64.ActiveCfg = Release|Any CPU
		{33DFEC03-CEB7-488F-A1A3-876391132396}.Release|x64.Build.0 = Release|Any CPU
		{33DFEC03-CEB7-488F-A1A3-876391132396}.Release|x86.ActiveCfg = Release|Any CPU
		{33DFEC03-CEB7-488F-A1A3-876391132396}.Release|x86.Build.0 = Release|Any CPU
	EndGlobalSection
	GlobalSection(SolutionProperties) = preSolution
		HideSolutionNode = FALSE
	EndGlobalSection
	GlobalSection(NestedProjects) = preSolution
		{0A7D5762-00A8-427A-A892-0DE8A6EBA33B} = {827E0CD3-B72D-47B6-A68D-7590B98EB39B}
		{895B85A1-244A-4901-A5A4-E04A901699F0} = {827E0CD3-B72D-47B6-A68D-7590B98EB39B}
		{4D4A6902-A964-42DC-ABC3-C55A44FA74AF} = {827E0CD3-B72D-47B6-A68D-7590B98EB39B}
		{543028A5-E3C1-4EF4-800A-AB2775D4CFBC} = {827E0CD3-B72D-47B6-A68D-7590B98EB39B}
		{EB6E8CC3-BC0F-43B2-BF7D-C907796AB55B} = {827E0CD3-B72D-47B6-A68D-7590B98EB39B}
		{37A3C9FC-0B43-4882-B9FA-305C13933113} = {827E0CD3-B72D-47B6-A68D-7590B98EB39B}
		{33DFEC03-CEB7-488F-A1A3-876391132396} = {827E0CD3-B72D-47B6-A68D-7590B98EB39B}
	EndGlobalSection
EndGlobal
