{
  "version": 1,
  "dependencies": {
    "net9.0": {
      "ClosedXML": {
        "type": "Direct",
        "requested": "[0.104.2, )",
        "resolved": "0.104.2",
        "contentHash": "gOkSjQ152MhpKmw70cBkJV+FnaZAWzDwM36luRf/7FlWYnNeH++9XYdGTd0Y4KQlVPkKVxy948M5MMsnsGC4GQ==",
        "dependencies": {
          "ClosedXML.Parser": "[1.2.0, 2.0.0)",
          "DocumentFormat.OpenXml": "[3.1.1, 4.0.0)",
          "ExcelNumberFormat": "1.1.0",
          "RBush": "4.0.0",
          "SixLabors.Fonts": "1.0.0"
        }
      },
      "HtmlSanitizer": {
        "type": "Direct",
        "requested": "[9.0.892, )",
        "resolved": "9.0.892",
        "contentHash": "zdkMmpNCjTkxna8Y+jmPIFm2st+HjHrf32yNElFYwe7L4GmDm+mdKR6TzDyf6ewJ0RUUz84D4IkHNgrwGi4VbQ==",
        "dependencies": {
          "AngleSharp": "[0.17.1]",
          "AngleSharp.Css": "[0.17.0]"
        }
      },
      "Microsoft.AspNetCore.DataProtection": {
        "type": "Direct",
        "requested": "[9.*, )",
        "resolved": "9.0.18",
        "contentHash": "4UfLNPsSglwVjaBZ1i6HFSOgJ1WIFkn7xqgUu1cNV/9Vle7brqWwQi5TIYegHHmClGkdSr4dwOuRThmDeiy1zQ==",
        "dependencies": {
          "Microsoft.AspNetCore.Cryptography.Internal": "9.0.18",
          "Microsoft.AspNetCore.DataProtection.Abstractions": "9.0.18",
          "Microsoft.Extensions.DependencyInjection.Abstractions": "9.0.18",
          "Microsoft.Extensions.Hosting.Abstractions": "9.0.18",
          "Microsoft.Extensions.Logging.Abstractions": "9.0.18",
          "Microsoft.Extensions.Options": "9.0.18",
          "System.Security.Cryptography.Xml": "9.0.18"
        }
      },
      "Microsoft.EntityFrameworkCore": {
        "type": "Direct",
        "requested": "[9.*, )",
        "resolved": "9.0.18",
        "contentHash": "ByxJvHZwP1QWLXmPLNClJ4mVAgzAjzdKlK/pb2E9qbyuQdhwGTy/yfTDsPlwYtXlwnDes9/2p4mOP/+Cbo4pFA==",
        "dependencies": {
          "Microsoft.EntityFrameworkCore.Abstractions": "9.0.18",
          "Microsoft.EntityFrameworkCore.Analyzers": "9.0.18",
          "Microsoft.Extensions.Caching.Memory": "9.0.18",
          "Microsoft.Extensions.Logging": "9.0.18"
        }
      },
      "Microsoft.EntityFrameworkCore.Design": {
        "type": "Direct",
        "requested": "[9.*, )",
        "resolved": "9.0.18",
        "contentHash": "2Uxb8lOn29yaFZIXBF2m9lrziYpxnSB+KSegj/4xqjLWW/AdGIdz4AYPajgSY9DPUI5AP1WTO4EwjP5LorukxA==",
        "dependencies": {
          "Humanizer.Core": "2.14.1",
          "Microsoft.Build.Framework": "17.8.43",
          "Microsoft.Build.Locator": "1.7.8",
          "Microsoft.CodeAnalysis.CSharp": "4.8.0",
          "Microsoft.CodeAnalysis.CSharp.Workspaces": "4.8.0",
          "Microsoft.CodeAnalysis.Workspaces.MSBuild": "4.8.0",
          "Microsoft.EntityFrameworkCore.Relational": "9.0.18",
          "Microsoft.Extensions.Caching.Memory": "9.0.18",
          "Microsoft.Extensions.Configuration.Abstractions": "9.0.18",
          "Microsoft.Extensions.DependencyModel": "9.0.18",
          "Microsoft.Extensions.Logging": "9.0.18",
          "Mono.TextTemplating": "3.0.0",
          "System.Text.Json": "9.0.18"
        }
      },
      "Microsoft.Extensions.Configuration.Abstractions": {
        "type": "Direct",
        "requested": "[9.*, )",
        "resolved": "9.0.18",
        "contentHash": "jgC5SZeK94t8DXl836ifIM5gScNqknkOwISrY503eWg7AHBrv+fnwty+C9n35H4WvBjs8OY21jPlRRf7ESBK/g==",
        "dependencies": {
          "Microsoft.Extensions.Primitives": "9.0.18"
        }
      },
      "Microsoft.Extensions.DependencyInjection.Abstractions": {
        "type": "Direct",
        "requested": "[9.*, )",
        "resolved": "9.0.18",
        "contentHash": "eSUdaLUP+pj1J7SpCsUYQP6dNk0w9g0KGu4ovPYBnlfqomW1u+1fF8ZIjMVuHY6Z3p30yL0SxND9JTS6i3NolQ=="
      },
      "Microsoft.Extensions.Http": {
        "type": "Direct",
        "requested": "[9.*, )",
        "resolved": "9.0.18",
        "contentHash": "oBzf8sLwekd1+/vQPv7N6X6PxnQoIrqHM4hCjQKBuqEzRY/7vHQ6BDxOIaJYxQlNWIlxgeLPeybzv0Hxv7kkRQ==",
        "dependencies": {
          "Microsoft.Extensions.Configuration.Abstractions": "9.0.18",
          "Microsoft.Extensions.DependencyInjection.Abstractions": "9.0.18",
          "Microsoft.Extensions.Diagnostics": "9.0.18",
          "Microsoft.Extensions.Logging": "9.0.18",
          "Microsoft.Extensions.Logging.Abstractions": "9.0.18",
          "Microsoft.Extensions.Options": "9.0.18"
        }
      },
      "Microsoft.Extensions.Options.ConfigurationExtensions": {
        "type": "Direct",
        "requested": "[9.*, )",
        "resolved": "9.0.18",
        "contentHash": "B07i277HI5CHhpc2WeY3Bv4EdCDE33/u1LcB0whz28Xq8NTlFEvSTW9+/Zq/37CHMMXejp+LxVyM5AC91q5X0g==",
        "dependencies": {
          "Microsoft.Extensions.Configuration.Abstractions": "9.0.18",
          "Microsoft.Extensions.Configuration.Binder": "9.0.18",
          "Microsoft.Extensions.DependencyInjection.Abstractions": "9.0.18",
          "Microsoft.Extensions.Options": "9.0.18",
          "Microsoft.Extensions.Primitives": "9.0.18"
        }
      },
      "Npgsql.EntityFrameworkCore.PostgreSQL": {
        "type": "Direct",
        "requested": "[9.*, )",
        "resolved": "9.0.4",
        "contentHash": "mw5vcY2IEc7L+IeGrxpp/J5OSnCcjkjAgJYCm/eD52wpZze8zsSifdqV7zXslSMmfJG2iIUGZyo3KuDtEFKwMQ==",
        "dependencies": {
          "Microsoft.EntityFrameworkCore": "[9.0.1, 10.0.0)",
          "Microsoft.EntityFrameworkCore.Relational": "[9.0.1, 10.0.0)",
          "Npgsql": "9.0.3"
        }
      },
      "System.IdentityModel.Tokens.Jwt": {
        "type": "Direct",
        "requested": "[8.19.1, )",
        "resolved": "8.19.1",
        "contentHash": "2VHcRtT95GAcW1E3aVBLvL2rAAMxKHXKMXKXFyWzwgkdFXZPMMvP8tVOfnRydL4vTr1RirNuGC6T8VSEF2YsPQ==",
        "dependencies": {
          "Microsoft.IdentityModel.JsonWebTokens": "8.19.1",
          "Microsoft.IdentityModel.Tokens": "8.19.1"
        }
      },
      "AngleSharp": {
        "type": "Transitive",
        "resolved": "0.17.1",
        "contentHash": "5MPI4bbixlwxb0W/smOMeIR+QlxMy5/5jD+WnIAw4pBC+7AhLPe5bS3cLgQMJyvd6q0A48sG+uYOt/ep406GLA==",
        "dependencies": {
          "System.Buffers": "4.5.1",
          "System.Text.Encoding.CodePages": "6.0.0"
        }
      },
      "AngleSharp.Css": {
        "type": "Transitive",
        "resolved": "0.17.0",
        "contentHash": "bg0AcugmX6BFEi/DHG61QrwRU8iuiX4H8LZehdIzYdqOM/dgb3BsCTzNIcc1XADn4+xfQEdVwJYTSwUxroL4vg==",
        "dependencies": {
          "AngleSharp": "[0.17.0, 0.18.0)"
        }
      },
      "ClosedXML.Parser": {
        "type": "Transitive",
        "resolved": "1.2.0",
        "contentHash": "w+/0tsxABS3lkSH8EUlA7IGme+mq5T/Puf3DbOiTckmSuUpAUO2LK29oXYByCcWkBv6wcRHxgWlQb1lxkwI0Tw=="
      },
      "Cronos": {
        "type": "Transitive",
        "resolved": "0.13.0",
        "contentHash": "Nkve+Yi0+ol3ntSBRHeW0ka9cJQ8vndSUvvkXqF9LVqwpoqWueyxu/HS275r98RDOmF7/mzRnZW5XXUBXob+TA=="
      },
      "DocumentFormat.OpenXml": {
        "type": "Transitive",
        "resolved": "3.1.1",
        "contentHash": "2z9QBzeTLNNKWM9SaOSDMegfQk/7hDuElOsmF77pKZMkFRP/GHA/W/4yOAQD9kn15N/FsFxHn3QVYkatuZghiA==",
        "dependencies": {
          "DocumentFormat.OpenXml.Framework": "3.1.1"
        }
      },
      "DocumentFormat.OpenXml.Framework": {
        "type": "Transitive",
        "resolved": "3.1.1",
        "contentHash": "6APEp/ElZV58S/4v8mf4Ke3ONEDORs64MqdD64Z7wWpcHANB9oovQsGIwtqjnKihulOj7T0a6IxHIHOfMqKOng==",
        "dependencies": {
          "System.IO.Packaging": "8.0.1"
        }
      },
      "ExcelNumberFormat": {
        "type": "Transitive",
        "resolved": "1.1.0",
        "contentHash": "R3BVHPs9O+RkExbZYTGT0+9HLbi8ZrNij1Yziyw6znd3J7P3uoIR07uwTLGOogtz1p6+0sna66eBoXu7tBiVQA=="
      },
      "Humanizer.Core": {
        "type": "Transitive",
        "resolved": "2.14.1",
        "contentHash": "lQKvtaTDOXnoVJ20ibTuSIOf2i0uO0MPbDhd1jm238I+U/2ZnRENj0cktKZhtchBMtCUSRQ5v4xBCUbKNmyVMw=="
      },
      "Microsoft.AspNetCore.Cryptography.Internal": {
        "type": "Transitive",
        "resolved": "9.0.18",
        "contentHash": "0fXM7K4yqb0nsywBkphxBlsOuxVg/LVxhTrrDtBQiAVM3aYePLFpPOqakyqWbckXyL6DICnJVNCw/p4iaaQQEw=="
      },
      "Microsoft.AspNetCore.DataProtection.Abstractions": {
        "type": "Transitive",
        "resolved": "9.0.18",
        "contentHash": "EzyBCFr1AZVmCZpqygqZFXE3UliLiXiTyJUuXZnC4cl3FRJwMzKkOpPlX5HvqoAdIwxuw0WLzJbK7GZIuGjcLQ=="
      },
      "Microsoft.Bcl.AsyncInterfaces": {
        "type": "Transitive",
        "resolved": "7.0.0",
        "contentHash": "3aeMZ1N0lJoSyzqiP03hqemtb1BijhsJADdobn/4nsMJ8V1H+CrpuduUe4hlRdx+ikBQju1VGjMD1GJ3Sk05Eg=="
      },
      "Microsoft.Bcl.Cryptography": {
        "type": "Transitive",
        "resolved": "10.0.2",
        "contentHash": "LG9Yll3B5aNpxv0+D47g6LiOiKBIlodhcHdQwcYzo8VeexFLGqx5ymetmA2aBRyo9cCcWsQWrFsdbsr8LvmWDw=="
      },
      "Microsoft.Build.Framework": {
        "type": "Transitive",
        "resolved": "17.8.43",
        "contentHash": "TA6fCbd9qFSyhIKcUn5BhDN3/JrqpspO9KYsZKUvHyQpQrHVdzy4Hk6egjjBP3T0L562TLZuHEzQwJziyRBEkw=="
      },
      "Microsoft.Build.Locator": {
        "type": "Transitive",
        "resolved": "1.7.8",
        "contentHash": "sPy10x527Ph16S2u0yGME4S6ohBKJ69WfjeGG/bvELYeZVmJdKjxgnlL8cJJJLGV/cZIRqSfB12UDB8ICakOog=="
      },
      "Microsoft.CodeAnalysis.Analyzers": {
        "type": "Transitive",
        "resolved": "3.3.4",
        "contentHash": "AxkxcPR+rheX0SmvpLVIGLhOUXAKG56a64kV9VQZ4y9gR9ZmPXnqZvHJnmwLSwzrEP6junUF11vuc+aqo5r68g=="
      },
      "Microsoft.CodeAnalysis.Common": {
        "type": "Transitive",
        "resolved": "4.8.0",
        "contentHash": "/jR+e/9aT+BApoQJABlVCKnnggGQbvGh7BKq2/wI1LamxC+LbzhcLj4Vj7gXCofl1n4E521YfF9w0WcASGg/KA==",
        "dependencies": {
          "Microsoft.CodeAnalysis.Analyzers": "3.3.4",
          "System.Collections.Immutable": "7.0.0",
          "System.Reflection.Metadata": "7.0.0",
          "System.Runtime.CompilerServices.Unsafe": "6.0.0"
        }
      },
      "Microsoft.CodeAnalysis.CSharp": {
        "type": "Transitive",
        "resolved": "4.8.0",
        "contentHash": "+3+qfdb/aaGD8PZRCrsdobbzGs1m9u119SkkJt8e/mk3xLJz/udLtS2T6nY27OTXxBBw10HzAbC8Z9w08VyP/g==",
        "dependencies": {
          "Microsoft.CodeAnalysis.Common": "[4.8.0]"
        }
      },
      "Microsoft.CodeAnalysis.CSharp.Workspaces": {
        "type": "Transitive",
        "resolved": "4.8.0",
        "contentHash": "3amm4tq4Lo8/BGvg9p3BJh3S9nKq2wqCXfS7138i69TUpo/bD+XvD0hNurpEBtcNZhi1FyutiomKJqVF39ugYA==",
        "dependencies": {
          "Humanizer.Core": "2.14.1",
          "Microsoft.CodeAnalysis.CSharp": "[4.8.0]",
          "Microsoft.CodeAnalysis.Common": "[4.8.0]",
          "Microsoft.CodeAnalysis.Workspaces.Common": "[4.8.0]"
        }
      },
      "Microsoft.CodeAnalysis.Workspaces.Common": {
        "type": "Transitive",
        "resolved": "4.8.0",
        "contentHash": "LXyV+MJKsKRu3FGJA3OmSk40OUIa/dQCFLOnm5X8MNcujx7hzGu8o+zjXlb/cy5xUdZK2UKYb9YaQ2E8m9QehQ==",
        "dependencies": {
          "Humanizer.Core": "2.14.1",
          "Microsoft.Bcl.AsyncInterfaces": "7.0.0",
          "Microsoft.CodeAnalysis.Common": "[4.8.0]",
          "System.Composition": "7.0.0",
          "System.IO.Pipelines": "7.0.0",
          "System.Threading.Channels": "7.0.0"
        }
      },
      "Microsoft.CodeAnalysis.Workspaces.MSBuild": {
        "type": "Transitive",
        "resolved": "4.8.0",
        "contentHash": "IEYreI82QZKklp54yPHxZNG9EKSK6nHEkeuf+0Asie9llgS1gp0V1hw7ODG+QyoB7MuAnNQHmeV1Per/ECpv6A==",
        "dependencies": {
          "Microsoft.Build.Framework": "16.10.0",
          "Microsoft.CodeAnalysis.Common": "[4.8.0]",
          "Microsoft.CodeAnalysis.Workspaces.Common": "[4.8.0]",
          "System.Text.Json": "7.0.3"
        }
      },
      "Microsoft.EntityFrameworkCore.Abstractions": {
        "type": "Transitive",
        "resolved": "9.0.18",
        "contentHash": "4nD2ZtEG/fNyHT4bo0MovOw6wDVv2xunhmRm448AKbX3y2ohEZkkxI4Nm+JHBZmluzsV6HHWFRWawFj8VuNltg=="
      },
      "Microsoft.EntityFrameworkCore.Analyzers": {
        "type": "Transitive",
        "resolved": "9.0.18",
        "contentHash": "KI+qKZHU1OfEUjQEpQEh/EXo9wN8DP+Jt1aReNJe/MezR/cVTr79c4VeMv4cyizki7YWW3DDDWZCcy/Eiay6dg=="
      },
      "Microsoft.EntityFrameworkCore.Relational": {
        "type": "Transitive",
        "resolved": "9.0.18",
        "contentHash": "kn6DongUAVevGsydWJdJUB0N6QamtwyDjhwrbV8Yrfs84i5rcEj5SY+3eyPzAInzd1icrZBd7A+r0yEpULkjEg==",
        "dependencies": {
          "Microsoft.EntityFrameworkCore": "9.0.18",
          "Microsoft.Extensions.Caching.Memory": "9.0.18",
          "Microsoft.Extensions.Configuration.Abstractions": "9.0.18",
          "Microsoft.Extensions.Logging": "9.0.18"
        }
      },
      "Microsoft.Extensions.Caching.Abstractions": {
        "type": "Transitive",
        "resolved": "9.0.18",
        "contentHash": "Y8PnPKq+ASBazn0QA5d98/dWT0MAfv9CJYV6zPZ/TisZpAUe5zWgKldJLXkrmUuIzvUpQS7/SF7+1dld3OP/EQ==",
        "dependencies": {
          "Microsoft.Extensions.Primitives": "9.0.18"
        }
      },
      "Microsoft.Extensions.Caching.Memory": {
        "type": "Transitive",
        "resolved": "9.0.18",
        "contentHash": "ZQ+x93CRR8DOGT+YPP4YXvwTAJ0MfvAghs5cwCSvtZFiORSfprAw9f67d0QDhf6PCIYyFsMKFB+PI3p9lpiMUQ==",
        "dependencies": {
          "Microsoft.Extensions.Caching.Abstractions": "9.0.18",
          "Microsoft.Extensions.DependencyInjection.Abstractions": "9.0.18",
          "Microsoft.Extensions.Logging.Abstractions": "9.0.18",
          "Microsoft.Extensions.Options": "9.0.18",
          "Microsoft.Extensions.Primitives": "9.0.18"
        }
      },
      "Microsoft.Extensions.Configuration": {
        "type": "Transitive",
        "resolved": "9.0.18",
        "contentHash": "IDxqTTYgFM0adTv9b+cRyQJD25+xBUbCDXxmqxfBAv/DFQch3MBVQ9bnHijRNKpEnSMAciA9uc+X1ArQ5zZDVw==",
        "dependencies": {
          "Microsoft.Extensions.Configuration.Abstractions": "9.0.18",
          "Microsoft.Extensions.Primitives": "9.0.18"
        }
      },
      "Microsoft.Extensions.Configuration.Binder": {
        "type": "Transitive",
        "resolved": "9.0.18",
        "contentHash": "80DWbnb2hlBub4yaMOdq28gaVvexvREBp+73hg/cZ6Mz6xjT7FoHwLeegv9yrRBQChAlhqkuKjt2xnkdGtJgoA==",
        "dependencies": {
          "Microsoft.Extensions.Configuration.Abstractions": "9.0.18"
        }
      },
      "Microsoft.Extensions.DependencyInjection": {
        "type": "Transitive",
        "resolved": "9.0.18",
        "contentHash": "xPoYhpBypsweLpZ29GPp6Kv6g1fZMUwJ800D/xO7ASuNn5zx0BNIP600wXXhbPNeO8kKngFRtoWplRffxBUDgw==",
        "dependencies": {
          "Microsoft.Extensions.DependencyInjection.Abstractions": "9.0.18"
        }
      },
      "Microsoft.Extensions.DependencyModel": {
        "type": "Transitive",
        "resolved": "9.0.18",
        "contentHash": "uv+aDeo/9tDFxb5ykdU9WTPYDOzeFK53m51QbYHaWe7IvPRMSyMDUlDDXSRYJ2aPNWAE5ISPjvvHQL9UlQS+vw=="
      },
      "Microsoft.Extensions.Diagnostics": {
        "type": "Transitive",
        "resolved": "9.0.18",
        "contentHash": "9tpK2Dcvambwq5RIdnz5p4gfNafpB1IMgMoIkkqIp5Wn9bHfArZqejoRZPL5Jp2ZKaT2oVBzFnW1dCh2vVu8/w==",
        "dependencies": {
          "Microsoft.Extensions.Configuration": "9.0.18",
          "Microsoft.Extensions.Diagnostics.Abstractions": "9.0.18",
          "Microsoft.Extensions.Options.ConfigurationExtensions": "9.0.18"
        }
      },
      "Microsoft.Extensions.Diagnostics.Abstractions": {
        "type": "Transitive",
        "resolved": "9.0.18",
        "contentHash": "fH5q81JvdxDbkhUBXhqz/f/cUENo8fakXes7BvA52CVLw4XkqUkjgJAcXHzVu3F2Le/FgQ1cPl53uY4AHBJkYg==",
        "dependencies": {
          "Microsoft.Extensions.DependencyInjection.Abstractions": "9.0.18",
          "Microsoft.Extensions.Options": "9.0.18"
        }
      },
      "Microsoft.Extensions.FileProviders.Abstractions": {
        "type": "Transitive",
        "resolved": "9.0.18",
        "contentHash": "YqkFlTwnVSMuunsf8IT9b+KySfm6vnMBBM+CKYCfXfjRMQ62uFggVOEu4C2cgR4fXpEO1rZ6utUZC1KoYKgiSg==",
        "dependencies": {
          "Microsoft.Extensions.Primitives": "9.0.18"
        }
      },
      "Microsoft.Extensions.Hosting.Abstractions": {
        "type": "Transitive",
        "resolved": "9.0.18",
        "contentHash": "K6qZu9yolnH8cgpVl7bCEm/ITLb+Ak3b4QqEIKcPR3Fx75GUd6I09cTOjCHYLLL4frWM1VDigZLbvC/LPrpscA==",
        "dependencies": {
          "Microsoft.Extensions.Configuration.Abstractions": "9.0.18",
          "Microsoft.Extensions.DependencyInjection.Abstractions": "9.0.18",
          "Microsoft.Extensions.Diagnostics.Abstractions": "9.0.18",
          "Microsoft.Extensions.FileProviders.Abstractions": "9.0.18",
          "Microsoft.Extensions.Logging.Abstractions": "9.0.18"
        }
      },
      "Microsoft.Extensions.Logging": {
        "type": "Transitive",
        "resolved": "9.0.18",
        "contentHash": "LuOCZhcJ4TeCLE99TRqI1FHReB29G7bAPInrAAG3E85/S+E4mcrmaoeoXLnOUi6DEosx87pauyFNICdiFIFqkA==",
        "dependencies": {
          "Microsoft.Extensions.DependencyInjection": "9.0.18",
          "Microsoft.Extensions.Logging.Abstractions": "9.0.18",
          "Microsoft.Extensions.Options": "9.0.18"
        }
      },
      "Microsoft.Extensions.Logging.Abstractions": {
        "type": "Transitive",
        "resolved": "9.0.18",
        "contentHash": "uzNHNdNZJTHACwFkWclx8s5GXLjGacJj4QwBQZ/6BeixTJjlHmNESIK738iPFLPkO8jWsENLUcUW/kAPe0b8ew==",
        "dependencies": {
          "Microsoft.Extensions.DependencyInjection.Abstractions": "9.0.18"
        }
      },
      "Microsoft.Extensions.Options": {
        "type": "Transitive",
        "resolved": "9.0.18",
        "contentHash": "HiA/R0jGR10TGuR6coM8KMUdJ5YlP3bhGxqEdGLkxFdBV1EFNdZMAajSEZHwkex4X/iMQwRCQVotqpElcxOImg==",
        "dependencies": {
          "Microsoft.Extensions.DependencyInjection.Abstractions": "9.0.18",
          "Microsoft.Extensions.Primitives": "9.0.18"
        }
      },
      "Microsoft.Extensions.Primitives": {
        "type": "Transitive",
        "resolved": "9.0.18",
        "contentHash": "hfHudMC5zDlwMrC0HiHOJesSHMvM+CdqjomjcV/YVzFq5dfSpBRvyRLm1n1Bfh41ZpQnyJzqX+YEo95BAmcDAQ=="
      },
      "Microsoft.IdentityModel.Abstractions": {
        "type": "Transitive",
        "resolved": "8.19.1",
        "contentHash": "gFA8THIk23uNF/vMdOHnjIdXD1LyA2g12cHzMJ+Xag6WpgWLw6E/6uCXxvA0gp9d2yAvkRt3xzFzMUiO/hofnQ=="
      },
      "Microsoft.IdentityModel.JsonWebTokens": {
        "type": "Transitive",
        "resolved": "8.19.1",
        "contentHash": "6eeY+y2QFyjj3XnCz/8gJdoP5smYHTS9ow1bw2nsZzDIPjPhBZlackYTIduSMipVpxnoT/B62LkrXX2jPggOXg==",
        "dependencies": {
          "Microsoft.IdentityModel.Tokens": "8.19.1"
        }
      },
      "Microsoft.IdentityModel.Logging": {
        "type": "Transitive",
        "resolved": "8.19.1",
        "contentHash": "H+sMrMpdbWnwkQnpb/ESkQovtOgdefmj0ecGCcP40mDKzE5i4dUYkH6599M9mWYFNGNJnTp92l/9wLubYXWimw==",
        "dependencies": {
          "Microsoft.IdentityModel.Abstractions": "8.19.1"
        }
      },
      "Microsoft.IdentityModel.Tokens": {
        "type": "Transitive",
        "resolved": "8.19.1",
        "contentHash": "KDiuSLXud2AFVNAOottd8ztVysfPeHyr4r8gofU3/VKUXlI7oytzGTnPsNJ/B3nui17rgz8wAdWNJOtzPjkUxw==",
        "dependencies": {
          "Microsoft.Bcl.Cryptography": "10.0.2",
          "Microsoft.Extensions.Logging.Abstractions": "8.0.0",
          "Microsoft.IdentityModel.Logging": "8.19.1"
        }
      },
      "Mono.TextTemplating": {
        "type": "Transitive",
        "resolved": "3.0.0",
        "contentHash": "YqueG52R/Xej4VVbKuRIodjiAhV0HR/XVbLbNrJhCZnzjnSjgMJ/dCdV0akQQxavX6hp/LC6rqLGLcXeQYU7XA==",
        "dependencies": {
          "System.CodeDom": "6.0.0"
        }
      },
      "Npgsql": {
        "type": "Transitive",
        "resolved": "9.0.3",
        "contentHash": "tPvY61CxOAWxNsKLEBg+oR646X4Bc8UmyQ/tJszL/7mEmIXQnnBhVJZrZEEUv0Bstu0mEsHZD5At3EO8zQRAYw==",
        "dependencies": {
          "Microsoft.Extensions.Logging.Abstractions": "8.0.2"
        }
      },
      "RBush": {
        "type": "Transitive",
        "resolved": "4.0.0",
        "contentHash": "j3GeRxxLUQdc+UrZnvythdQxi3bd8ayn87VDjfGXrvfodF550n9wR6SgQvpo+YiAv3GJezsu6lK0l47rRqnbdg=="
      },
      "SixLabors.Fonts": {
        "type": "Transitive",
        "resolved": "1.0.0",
        "contentHash": "LFQsCZlV0xlUyXAOMUo5kkSl+8zAQXXbbdwWchtk0B4o7zotZhQsQOcJUELGHdfPfm/xDAsz6hONAuV25bJaAg=="
      },
      "System.Buffers": {
        "type": "Transitive",
        "resolved": "4.5.1",
        "contentHash": "Rw7ijyl1qqRS0YQD/WycNst8hUUMgrMH4FCn1nNm27M4VxchZ1js3fVjQaANHO5f3sN4isvP4a+Met9Y4YomAg=="
      },
      "System.CodeDom": {
        "type": "Transitive",
        "resolved": "6.0.0",
        "contentHash": "CPc6tWO1LAer3IzfZufDBRL+UZQcj5uS207NHALQzP84Vp/z6wF0Aa0YZImOQY8iStY0A2zI/e3ihKNPfUm8XA=="
      },
      "System.Collections.Immutable": {
        "type": "Transitive",
        "resolved": "7.0.0",
        "contentHash": "dQPcs0U1IKnBdRDBkrCTi1FoajSTBzLcVTpjO4MBCMC7f4pDOIPzgBoX8JjG7X6uZRJ8EBxsi8+DR1JuwjnzOQ=="
      },
      "System.Composition": {
        "type": "Transitive",
        "resolved": "7.0.0",
        "contentHash": "tRwgcAkDd85O8Aq6zHDANzQaq380cek9lbMg5Qma46u5BZXq/G+XvIYmu+UI+BIIZ9zssXLYrkTykEqxxvhcmg==",
        "dependencies": {
          "System.Composition.AttributedModel": "7.0.0",
          "System.Composition.Convention": "7.0.0",
          "System.Composition.Hosting": "7.0.0",
          "System.Composition.Runtime": "7.0.0",
          "System.Composition.TypedParts": "7.0.0"
        }
      },
      "System.Composition.AttributedModel": {
        "type": "Transitive",
        "resolved": "7.0.0",
        "contentHash": "2QzClqjElKxgI1jK1Jztnq44/8DmSuTSGGahXqQ4TdEV0h9s2KikQZIgcEqVzR7OuWDFPGLHIprBJGQEPr8fAQ=="
      },
      "System.Composition.Convention": {
        "type": "Transitive",
        "resolved": "7.0.0",
        "contentHash": "IMhTlpCs4HmlD8B+J8/kWfwX7vrBBOs6xyjSTzBlYSs7W4OET4tlkR/Sg9NG8jkdJH9Mymq0qGdYS1VPqRTBnQ==",
        "dependencies": {
          "System.Composition.AttributedModel": "7.0.0"
        }
      },
      "System.Composition.Hosting": {
        "type": "Transitive",
        "resolved": "7.0.0",
        "contentHash": "eB6gwN9S+54jCTBJ5bpwMOVerKeUfGGTYCzz3QgDr1P55Gg/Wb27ShfPIhLMjmZ3MoAKu8uUSv6fcCdYJTN7Bg==",
        "dependencies": {
          "System.Composition.Runtime": "7.0.0"
        }
      },
      "System.Composition.Runtime": {
        "type": "Transitive",
        "resolved": "7.0.0",
        "contentHash": "aZJ1Zr5Txe925rbo4742XifEyW0MIni1eiUebmcrP3HwLXZ3IbXUj4MFMUH/RmnJOAQiS401leg/2Sz1MkApDw=="
      },
      "System.Composition.TypedParts": {
        "type": "Transitive",
        "resolved": "7.0.0",
        "contentHash": "ZK0KNPfbtxVceTwh+oHNGUOYV2WNOHReX2AXipuvkURC7s/jPwoWfsu3SnDBDgofqbiWr96geofdQ2erm/KTHg==",
        "dependencies": {
          "System.Composition.AttributedModel": "7.0.0",
          "System.Composition.Hosting": "7.0.0",
          "System.Composition.Runtime": "7.0.0"
        }
      },
      "System.IO.Packaging": {
        "type": "Transitive",
        "resolved": "8.0.1",
        "contentHash": "KYkIOAvPexQOLDxPO2g0BVoWInnQhPpkFzRqvNrNrMhVT6kqhVr0zEb6KCHlptLFukxnZrjuMVAnxK7pOGUYrw=="
      },
      "System.IO.Pipelines": {
        "type": "Transitive",
        "resolved": "7.0.0",
        "contentHash": "jRn6JYnNPW6xgQazROBLSfpdoczRw694vO5kKvMcNnpXuolEixUyw6IBuBs2Y2mlSX/LdLvyyWmfXhaI3ND1Yg=="
      },
      "System.Reflection.Metadata": {
        "type": "Transitive",
        "resolved": "7.0.0",
        "contentHash": "MclTG61lsD9sYdpNz9xsKBzjsmsfCtcMZYXz/IUr2zlhaTaABonlr1ESeompTgM+Xk+IwtGYU7/voh3YWB/fWw==",
        "dependencies": {
          "System.Collections.Immutable": "7.0.0"
        }
      },
      "System.Runtime.CompilerServices.Unsafe": {
        "type": "Transitive",
        "resolved": "6.0.0",
        "contentHash": "/iUeP3tq1S0XdNNoMz5C9twLSrM/TH+qElHkXWaPvuNOt+99G75NrV0OS2EqHx5wMN7popYjpc8oTjC1y16DLg=="
      },
      "System.Security.Cryptography.Pkcs": {
        "type": "Transitive",
        "resolved": "9.0.18",
        "contentHash": "NKMKhUdLGNZryY9GXXTF5dXyP6S37EYXhiA2JYvwshJbd4DRq07IOS9it8Opi9atadvv5rlNkD76Mio+5Oo2aQ=="
      },
      "System.Security.Cryptography.Xml": {
        "type": "Transitive",
        "resolved": "9.0.18",
        "contentHash": "UoE37brJoIJPMds6wqDaweVrORmdM3XDPGLRU01Mg6Koh3SjgogSfz4+zDsriaEluHMRCx/Qc7yeEw7F9QMcJA==",
        "dependencies": {
          "System.Security.Cryptography.Pkcs": "9.0.18"
        }
      },
      "System.Text.Encoding.CodePages": {
        "type": "Transitive",
        "resolved": "6.0.0",
        "contentHash": "ZFCILZuOvtKPauZ/j/swhvw68ZRi9ATCfvGbk1QfydmcXBkIWecWKn/250UH7rahZ5OoDBaiAudJtPvLwzw85A==",
        "dependencies": {
          "System.Runtime.CompilerServices.Unsafe": "6.0.0"
        }
      },
      "System.Text.Json": {
        "type": "Transitive",
        "resolved": "9.0.18",
        "contentHash": "/xX8vajlGUp1FoGSNUJBJS+E/2TQjmcMoUzHePa+coPdLnFGPcolRHlybSZhKyAKj+sNDSFlLNYYLe8aEOElfA=="
      },
      "System.Threading.Channels": {
        "type": "Transitive",
        "resolved": "7.0.0",
        "contentHash": "qmeeYNROMsONF6ndEZcIQ+VxR4Q/TX/7uIVLJqtwIWL7dDWeh0l1UIqgo4wYyjG//5lUNhwkLDSFl+pAWO6oiA=="
      },
      "compliance360.application": {
        "type": "Project",
        "dependencies": {
          "Compliance360.Domain": "[1.0.0, )",
          "Compliance360.Shared": "[1.0.0, )",
          "Cronos": "[0.13.0, )",
          "Microsoft.Extensions.Options": "[9.*, )"
        }
      },
      "compliance360.domain": {
        "type": "Project"
      },
      "compliance360.shared": {
        "type": "Project"
      }
    }
  }
}