{
  "version": 1,
  "dependencies": {
    "net9.0": {
      "coverlet.collector": {
        "type": "Direct",
        "requested": "[6.0.2, )",
        "resolved": "6.0.2",
        "contentHash": "bJShQ6uWRTQ100ZeyiMqcFlhP7WJ+bCuabUs885dJiBEzMsJMSFr7BOyeCw4rgvQokteGi5rKQTlkhfQPUXg2A=="
      },
      "Microsoft.AspNetCore.Mvc.Testing": {
        "type": "Direct",
        "requested": "[9.*, )",
        "resolved": "9.0.17",
        "contentHash": "PXj8AgfFJ+tJ11tlF4CJ0i1+yneskPlYjqXhYdz20+w15KkxBKwqvBKoaQDXyImEgHOL0YZ+7Ww0Sb/sBq2cQg==",
        "dependencies": {
          "Microsoft.AspNetCore.TestHost": "9.0.17",
          "Microsoft.Extensions.DependencyModel": "9.0.17",
          "Microsoft.Extensions.Hosting": "9.0.17"
        }
      },
      "Microsoft.EntityFrameworkCore.InMemory": {
        "type": "Direct",
        "requested": "[9.*, )",
        "resolved": "9.0.17",
        "contentHash": "OYI5/HZxbbxi6azc1Lqs8xnQjD07Auj/r3rW+sRsGw1p6gx3CpTtaYUBmBpttwaX8X/RpSEf0cHj2ax11zIOMQ==",
        "dependencies": {
          "Microsoft.EntityFrameworkCore": "9.0.17",
          "Microsoft.Extensions.Caching.Memory": "9.0.17",
          "Microsoft.Extensions.Logging": "9.0.17"
        }
      },
      "Microsoft.EntityFrameworkCore.Relational": {
        "type": "Direct",
        "requested": "[9.*, )",
        "resolved": "9.0.17",
        "contentHash": "oOsu2/68Xed8YlSwoRJPuQJjPCgChLeZ9XmWI8dQRyqC/CxILirQo3hpub+hQDJ9f9z2u0d8DqvzR86TOnfdkg==",
        "dependencies": {
          "Microsoft.EntityFrameworkCore": "9.0.17",
          "Microsoft.Extensions.Caching.Memory": "9.0.17",
          "Microsoft.Extensions.Configuration.Abstractions": "9.0.17",
          "Microsoft.Extensions.Logging": "9.0.17"
        }
      },
      "Microsoft.NET.Test.Sdk": {
        "type": "Direct",
        "requested": "[17.12.0, )",
        "resolved": "17.12.0",
        "contentHash": "kt/PKBZ91rFCWxVIJZSgVLk+YR+4KxTuHf799ho8WNiK5ZQpJNAEZCAWX86vcKrs+DiYjiibpYKdGZP6+/N17w==",
        "dependencies": {
          "Microsoft.CodeCoverage": "17.12.0",
          "Microsoft.TestPlatform.TestHost": "17.12.0"
        }
      },
      "xunit": {
        "type": "Direct",
        "requested": "[2.9.2, )",
        "resolved": "2.9.2",
        "contentHash": "7LhFS2N9Z6Xgg8aE5lY95cneYivRMfRI8v+4PATa4S64D5Z/Plkg0qa8dTRHSiGRgVZ/CL2gEfJDE5AUhOX+2Q==",
        "dependencies": {
          "xunit.analyzers": "1.16.0",
          "xunit.assert": "2.9.2",
          "xunit.core": "[2.9.2]"
        }
      },
      "xunit.runner.visualstudio": {
        "type": "Direct",
        "requested": "[2.8.2, )",
        "resolved": "2.8.2",
        "contentHash": "vm1tbfXhFmjFMUmS4M0J0ASXz3/U5XvXBa6DOQUL3fEz4Vt6YPhv+ESCarx6M6D+9kJkJYZKCNvJMas1+nVfmQ=="
      },
      "Microsoft.AspNetCore.Authentication.JwtBearer": {
        "type": "Transitive",
        "resolved": "9.0.17",
        "contentHash": "q9vNiBMoJpyYSjDunMW2VO6NYpvyTBG5k5gKmb5HAiG0eV5xJLuzHrMKns70fdmdxYOHJ3+7zthj0uyH4lKIfA==",
        "dependencies": {
          "Microsoft.IdentityModel.Protocols.OpenIdConnect": "8.0.1"
        }
      },
      "Microsoft.AspNetCore.Cryptography.Internal": {
        "type": "Transitive",
        "resolved": "9.0.17",
        "contentHash": "UKuymCdJpjZAgs+YX5ktYcqXQnN3dKj5YSRdnST/FNRitCAc7fwkQ+b/dFfFeZUhMmDpZ3M8wW7xQjSKFCujtw=="
      },
      "Microsoft.AspNetCore.DataProtection": {
        "type": "Transitive",
        "resolved": "9.0.17",
        "contentHash": "DMEWkTz6YWhdNqOh7OG15Api2L+4baEeftOuQba4cSk+Zb/Jba6dIO3AwCRQJw51pOlyBK/SOkPwRRFZQaUGaQ==",
        "dependencies": {
          "Microsoft.AspNetCore.Cryptography.Internal": "9.0.17",
          "Microsoft.AspNetCore.DataProtection.Abstractions": "9.0.17",
          "Microsoft.Extensions.DependencyInjection.Abstractions": "9.0.17",
          "Microsoft.Extensions.Hosting.Abstractions": "9.0.17",
          "Microsoft.Extensions.Logging.Abstractions": "9.0.17",
          "Microsoft.Extensions.Options": "9.0.17",
          "System.Security.Cryptography.Xml": "9.0.17"
        }
      },
      "Microsoft.AspNetCore.DataProtection.Abstractions": {
        "type": "Transitive",
        "resolved": "9.0.17",
        "contentHash": "sbWsjnc4qutTLyNQSVZOhB1293+E1kfNEg1TK5Jn41zNjKV/NcdjlAkTz6ug+td50u/s8nGbbWiQIiTfVrSy9w=="
      },
      "Microsoft.AspNetCore.TestHost": {
        "type": "Transitive",
        "resolved": "9.0.17",
        "contentHash": "LgEmlWAfPZi31C5lMVs4at7ojcXTp7nXbSdqYnphIunYmX2S6pMKmBxjRcBK1Mcne4rw8PtOI7Ddk8Hg8nGvIQ=="
      },
      "Microsoft.Bcl.Cryptography": {
        "type": "Transitive",
        "resolved": "10.0.2",
        "contentHash": "LG9Yll3B5aNpxv0+D47g6LiOiKBIlodhcHdQwcYzo8VeexFLGqx5ymetmA2aBRyo9cCcWsQWrFsdbsr8LvmWDw=="
      },
      "Microsoft.CodeCoverage": {
        "type": "Transitive",
        "resolved": "17.12.0",
        "contentHash": "4svMznBd5JM21JIG2xZKGNanAHNXplxf/kQDFfLHXQ3OnpJkayRK/TjacFjA+EYmoyuNXHo/sOETEfcYtAzIrA=="
      },
      "Microsoft.EntityFrameworkCore": {
        "type": "Transitive",
        "resolved": "9.0.17",
        "contentHash": "kO/7c4yuzq52eESWTtNQg2lSAouw4w/pZvOPGNNbPgAjlM3nl5Ggp51lWJhBQtZIAveX7TCmZ4DFePmcnDy9ag==",
        "dependencies": {
          "Microsoft.EntityFrameworkCore.Abstractions": "9.0.17",
          "Microsoft.EntityFrameworkCore.Analyzers": "9.0.17",
          "Microsoft.Extensions.Caching.Memory": "9.0.17",
          "Microsoft.Extensions.Logging": "9.0.17"
        }
      },
      "Microsoft.EntityFrameworkCore.Abstractions": {
        "type": "Transitive",
        "resolved": "9.0.17",
        "contentHash": "sTFeqfHXyNdAoE/WLQN/3srHgs9rM4QKfiQMwHW63Jl62g05f6wmhsJqqvyRNli7GrUsgUi4exsNe0tH4h2jvw=="
      },
      "Microsoft.EntityFrameworkCore.Analyzers": {
        "type": "Transitive",
        "resolved": "9.0.17",
        "contentHash": "gse+9T6mdDXnY6Cn8jtq/uCUZt8P3iZ5DHxNbVxQPEZa6iNL6tc4VDqqYYhwzpoZp08CYvYWhR26HNxUUvTTBw=="
      },
      "Microsoft.Extensions.ApiDescription.Server": {
        "type": "Transitive",
        "resolved": "9.0.0",
        "contentHash": "1Kzzf7pRey40VaUkHN9/uWxrKVkLu2AQjt+GVeeKLLpiEHAJ1xZRsLSh4ZZYEnyS7Kt2OBOPmsXNdU+wbcOl5w=="
      },
      "Microsoft.Extensions.Caching.Abstractions": {
        "type": "Transitive",
        "resolved": "9.0.17",
        "contentHash": "Qye4QW5qfMtKETNeprziwg0qvPde+9RW8hIdIFn/NGOG+HFCeoa6ZAYDQOAkTqzgrsBCz9HWaJmC0B+F1mFHFA==",
        "dependencies": {
          "Microsoft.Extensions.Primitives": "9.0.17"
        }
      },
      "Microsoft.Extensions.Caching.Memory": {
        "type": "Transitive",
        "resolved": "9.0.17",
        "contentHash": "S+hC0Xj9LTHpQtY8AoT7+lIgK1wEfIFYUO9+Y5FHKrGgpsgukcJ1SgdQuXgv5lnM0R0vupxXK+JTYzVX/PYhoA==",
        "dependencies": {
          "Microsoft.Extensions.Caching.Abstractions": "9.0.17",
          "Microsoft.Extensions.DependencyInjection.Abstractions": "9.0.17",
          "Microsoft.Extensions.Logging.Abstractions": "9.0.17",
          "Microsoft.Extensions.Options": "9.0.17",
          "Microsoft.Extensions.Primitives": "9.0.17"
        }
      },
      "Microsoft.Extensions.Configuration": {
        "type": "Transitive",
        "resolved": "10.0.0",
        "contentHash": "H4SWETCh/cC5L1WtWchHR6LntGk3rDTTznZMssr4cL8IbDmMWBxY+MOGDc/ASnqNolLKPIWHWeuC1ddiL/iNPw==",
        "dependencies": {
          "Microsoft.Extensions.Configuration.Abstractions": "10.0.0",
          "Microsoft.Extensions.Primitives": "10.0.0"
        }
      },
      "Microsoft.Extensions.Configuration.Abstractions": {
        "type": "Transitive",
        "resolved": "10.0.0",
        "contentHash": "d2kDKnCsJvY7mBVhcjPSp9BkJk48DsaHPg5u+Oy4f8XaOqnEedRy/USyvnpHL92wpJ6DrTPy7htppUUzskbCXQ==",
        "dependencies": {
          "Microsoft.Extensions.Primitives": "10.0.0"
        }
      },
      "Microsoft.Extensions.Configuration.Binder": {
        "type": "Transitive",
        "resolved": "10.0.0",
        "contentHash": "tMF9wNh+hlyYDWB8mrFCQHQmWHlRosol1b/N2Jrefy1bFLnuTlgSYmPyHNmz8xVQgs7DpXytBRWxGhG+mSTp0g==",
        "dependencies": {
          "Microsoft.Extensions.Configuration": "10.0.0",
          "Microsoft.Extensions.Configuration.Abstractions": "10.0.0"
        }
      },
      "Microsoft.Extensions.Configuration.CommandLine": {
        "type": "Transitive",
        "resolved": "9.0.17",
        "contentHash": "DbQhhR9IdIf7hQ2CHu3YuM6y/1QeeSofdTABTadx79fkTcJuYJcd9YuZ3h7Wg6bugB2ARZuN37JvKKd5qP2pRQ==",
        "dependencies": {
          "Microsoft.Extensions.Configuration": "9.0.17",
          "Microsoft.Extensions.Configuration.Abstractions": "9.0.17"
        }
      },
      "Microsoft.Extensions.Configuration.EnvironmentVariables": {
        "type": "Transitive",
        "resolved": "9.0.17",
        "contentHash": "d51CgC+auvCX7uYVG09WfreZjHl5eS5zycf2MGXToBOiAS6GiOwhfARzCSIrsOj+KArSZRww0wlhikEwYeZSWQ==",
        "dependencies": {
          "Microsoft.Extensions.Configuration": "9.0.17",
          "Microsoft.Extensions.Configuration.Abstractions": "9.0.17"
        }
      },
      "Microsoft.Extensions.Configuration.FileExtensions": {
        "type": "Transitive",
        "resolved": "9.0.17",
        "contentHash": "uE144Yd4Ybv+VHVIr3/Eaq9yTV7CBbRZcPl098qLKDOOB+ekccrttsFWKZSmx+/cCWM3MvciPGuSC8K7ug6lsg==",
        "dependencies": {
          "Microsoft.Extensions.Configuration": "9.0.17",
          "Microsoft.Extensions.Configuration.Abstractions": "9.0.17",
          "Microsoft.Extensions.FileProviders.Abstractions": "9.0.17",
          "Microsoft.Extensions.FileProviders.Physical": "9.0.17",
          "Microsoft.Extensions.Primitives": "9.0.17"
        }
      },
      "Microsoft.Extensions.Configuration.Json": {
        "type": "Transitive",
        "resolved": "9.0.17",
        "contentHash": "jaH4nniqXyhhQ3tQov57Pn2X+y3LgaeKAKGR9E04giCOJafp/3emcRi3lHi5XfdWbYP/v46zPKVovRl+Ogq/Kg==",
        "dependencies": {
          "Microsoft.Extensions.Configuration": "9.0.17",
          "Microsoft.Extensions.Configuration.Abstractions": "9.0.17",
          "Microsoft.Extensions.Configuration.FileExtensions": "9.0.17",
          "Microsoft.Extensions.FileProviders.Abstractions": "9.0.17"
        }
      },
      "Microsoft.Extensions.Configuration.UserSecrets": {
        "type": "Transitive",
        "resolved": "9.0.17",
        "contentHash": "WqG3k3gRGZ4xRIfTzQgYYNt0LWa26UQAXyfn2KyNO7tK0Y+6N/Ei+IwtWHtnAqN1oznKGrODoDQoQoc5fsoT/A==",
        "dependencies": {
          "Microsoft.Extensions.Configuration.Abstractions": "9.0.17",
          "Microsoft.Extensions.Configuration.Json": "9.0.17",
          "Microsoft.Extensions.FileProviders.Abstractions": "9.0.17",
          "Microsoft.Extensions.FileProviders.Physical": "9.0.17"
        }
      },
      "Microsoft.Extensions.DependencyInjection": {
        "type": "Transitive",
        "resolved": "10.0.0",
        "contentHash": "f0RBabswJq+gRu5a+hWIobrLWiUYPKMhCD9WO3sYBAdSy3FFH14LMvLVFZc2kPSCimBLxSuitUhsd6tb0TAY6A==",
        "dependencies": {
          "Microsoft.Extensions.DependencyInjection.Abstractions": "10.0.0"
        }
      },
      "Microsoft.Extensions.DependencyInjection.Abstractions": {
        "type": "Transitive",
        "resolved": "10.0.0",
        "contentHash": "L3AdmZ1WOK4XXT5YFPEwyt0ep6l8lGIPs7F5OOBZc77Zqeo01Of7XXICy47628sdVl0v/owxYJTe86DTgFwKCA=="
      },
      "Microsoft.Extensions.DependencyModel": {
        "type": "Transitive",
        "resolved": "10.0.0",
        "contentHash": "RFYJR7APio/BiqdQunRq6DB+nDB6nc2qhHr77mlvZ0q0BT8PubMXN7XicmfzCbrDE/dzhBnUKBRXLTcqUiZDGg==",
        "dependencies": {
          "System.Text.Encodings.Web": "10.0.0",
          "System.Text.Json": "10.0.0"
        }
      },
      "Microsoft.Extensions.Diagnostics": {
        "type": "Transitive",
        "resolved": "9.0.17",
        "contentHash": "smsRjzlGv3mkGprVOtLNk4c2DkJ53FGq7PyPFId553JuVDLjyH9COoBJ3b0s2rbaggbhCFCDDnXfFR9CIkBk4w==",
        "dependencies": {
          "Microsoft.Extensions.Configuration": "9.0.17",
          "Microsoft.Extensions.Diagnostics.Abstractions": "9.0.17",
          "Microsoft.Extensions.Options.ConfigurationExtensions": "9.0.17"
        }
      },
      "Microsoft.Extensions.Diagnostics.Abstractions": {
        "type": "Transitive",
        "resolved": "10.0.0",
        "contentHash": "SfK89ytD61S7DgzorFljSkUeluC1ncn6dtZgwc0ot39f/BEYWBl5jpgvodxduoYAs1d9HG8faCDRZxE95UMo2A==",
        "dependencies": {
          "Microsoft.Extensions.DependencyInjection.Abstractions": "10.0.0",
          "Microsoft.Extensions.Options": "10.0.0",
          "System.Diagnostics.DiagnosticSource": "10.0.0"
        }
      },
      "Microsoft.Extensions.FileProviders.Abstractions": {
        "type": "Transitive",
        "resolved": "10.0.0",
        "contentHash": "/ppSdehKk3fuXjlqCDgSOtjRK/pSHU8eWgzSHfHdwVm5BP4Dgejehkw+PtxKG2j98qTDEHDst2Y99aNsmJldmw==",
        "dependencies": {
          "Microsoft.Extensions.Primitives": "10.0.0"
        }
      },
      "Microsoft.Extensions.FileProviders.Physical": {
        "type": "Transitive",
        "resolved": "9.0.17",
        "contentHash": "I8ZYDKpCput7HdOdJzlGp6lLZzEK0SD3kxyZq3844q29uDrhgeKjsMIINAjvVZa0vMni0np22oF0DzR7ASyvQw==",
        "dependencies": {
          "Microsoft.Extensions.FileProviders.Abstractions": "9.0.17",
          "Microsoft.Extensions.FileSystemGlobbing": "9.0.17",
          "Microsoft.Extensions.Primitives": "9.0.17"
        }
      },
      "Microsoft.Extensions.FileSystemGlobbing": {
        "type": "Transitive",
        "resolved": "9.0.17",
        "contentHash": "Q1dWc+ORSFB4c4lSw2wRj/s0OEODTrjXhx/U5XZQiagLy2ewAoXH11XmxFQHQI0GcOLQwRGA7oOD2iIKRQq+dQ=="
      },
      "Microsoft.Extensions.Hosting": {
        "type": "Transitive",
        "resolved": "9.0.17",
        "contentHash": "NuWOghlRTRBQXVrccIg5rzw+I7w3OSqOa5ue3INsOed8xOMgxQMlfBlYQSvmgukEMwIhREdhfUCKJhaJbY+a6g==",
        "dependencies": {
          "Microsoft.Extensions.Configuration": "9.0.17",
          "Microsoft.Extensions.Configuration.Abstractions": "9.0.17",
          "Microsoft.Extensions.Configuration.Binder": "9.0.17",
          "Microsoft.Extensions.Configuration.CommandLine": "9.0.17",
          "Microsoft.Extensions.Configuration.EnvironmentVariables": "9.0.17",
          "Microsoft.Extensions.Configuration.FileExtensions": "9.0.17",
          "Microsoft.Extensions.Configuration.Json": "9.0.17",
          "Microsoft.Extensions.Configuration.UserSecrets": "9.0.17",
          "Microsoft.Extensions.DependencyInjection": "9.0.17",
          "Microsoft.Extensions.DependencyInjection.Abstractions": "9.0.17",
          "Microsoft.Extensions.Diagnostics": "9.0.17",
          "Microsoft.Extensions.FileProviders.Abstractions": "9.0.17",
          "Microsoft.Extensions.FileProviders.Physical": "9.0.17",
          "Microsoft.Extensions.Hosting.Abstractions": "9.0.17",
          "Microsoft.Extensions.Logging": "9.0.17",
          "Microsoft.Extensions.Logging.Abstractions": "9.0.17",
          "Microsoft.Extensions.Logging.Configuration": "9.0.17",
          "Microsoft.Extensions.Logging.Console": "9.0.17",
          "Microsoft.Extensions.Logging.Debug": "9.0.17",
          "Microsoft.Extensions.Logging.EventLog": "9.0.17",
          "Microsoft.Extensions.Logging.EventSource": "9.0.17",
          "Microsoft.Extensions.Options": "9.0.17"
        }
      },
      "Microsoft.Extensions.Hosting.Abstractions": {
        "type": "Transitive",
        "resolved": "10.0.0",
        "contentHash": "KrN6TGFwCwqOkLLk/idW/XtDQh+8In+CL9T4M1Dx+5ScsjTq4TlVbal8q532m82UYrMr6RiQJF2HvYCN0QwVsA==",
        "dependencies": {
          "Microsoft.Extensions.Configuration.Abstractions": "10.0.0",
          "Microsoft.Extensions.DependencyInjection.Abstractions": "10.0.0",
          "Microsoft.Extensions.Diagnostics.Abstractions": "10.0.0",
          "Microsoft.Extensions.FileProviders.Abstractions": "10.0.0",
          "Microsoft.Extensions.Logging.Abstractions": "10.0.0"
        }
      },
      "Microsoft.Extensions.Http": {
        "type": "Transitive",
        "resolved": "9.0.17",
        "contentHash": "okplKfAdaWNyYV20UyIVT32+8SQBIRZ6O6TVhqEAIevoK5VFEcEVsqLwZbghBGdB5qkRdEdMvMb1x6qG+C83iA==",
        "dependencies": {
          "Microsoft.Extensions.Configuration.Abstractions": "9.0.17",
          "Microsoft.Extensions.DependencyInjection.Abstractions": "9.0.17",
          "Microsoft.Extensions.Diagnostics": "9.0.17",
          "Microsoft.Extensions.Logging": "9.0.17",
          "Microsoft.Extensions.Logging.Abstractions": "9.0.17",
          "Microsoft.Extensions.Options": "9.0.17"
        }
      },
      "Microsoft.Extensions.Logging": {
        "type": "Transitive",
        "resolved": "10.0.0",
        "contentHash": "BStFkd5CcnEtarlcgYDBcFzGYCuuNMzPs02wN3WBsOFoYIEmYoUdAiU+au6opzoqfTYJsMTW00AeqDdnXH2CvA==",
        "dependencies": {
          "Microsoft.Extensions.DependencyInjection": "10.0.0",
          "Microsoft.Extensions.Logging.Abstractions": "10.0.0",
          "Microsoft.Extensions.Options": "10.0.0"
        }
      },
      "Microsoft.Extensions.Logging.Abstractions": {
        "type": "Transitive",
        "resolved": "10.0.0",
        "contentHash": "FU/IfjDfwaMuKr414SSQNTIti/69bHEMb+QKrskRb26oVqpx3lNFXMjs/RC9ZUuhBhcwDM2BwOgoMw+PZ+beqQ==",
        "dependencies": {
          "Microsoft.Extensions.DependencyInjection.Abstractions": "10.0.0",
          "System.Diagnostics.DiagnosticSource": "10.0.0"
        }
      },
      "Microsoft.Extensions.Logging.Configuration": {
        "type": "Transitive",
        "resolved": "9.0.17",
        "contentHash": "+0zhh5gqw8CHBh4Lr/peHAa9IdRk+aYdViutD2Ggc2Tk9xC46na19PuvldISWBtBmc19B1IeZRZC9pT2g0e6vA==",
        "dependencies": {
          "Microsoft.Extensions.Configuration": "9.0.17",
          "Microsoft.Extensions.Configuration.Abstractions": "9.0.17",
          "Microsoft.Extensions.Configuration.Binder": "9.0.17",
          "Microsoft.Extensions.DependencyInjection.Abstractions": "9.0.17",
          "Microsoft.Extensions.Logging": "9.0.17",
          "Microsoft.Extensions.Logging.Abstractions": "9.0.17",
          "Microsoft.Extensions.Options": "9.0.17",
          "Microsoft.Extensions.Options.ConfigurationExtensions": "9.0.17"
        }
      },
      "Microsoft.Extensions.Logging.Console": {
        "type": "Transitive",
        "resolved": "9.0.17",
        "contentHash": "QAMX4VmFJI3wliE5imDEa7fUGxcLymKqAUqIYtRRk6G4N81pn7lJ/uTon0Mcq9D7zLaijaVsfCnZbyjMvx7LOA==",
        "dependencies": {
          "Microsoft.Extensions.DependencyInjection.Abstractions": "9.0.17",
          "Microsoft.Extensions.Logging": "9.0.17",
          "Microsoft.Extensions.Logging.Abstractions": "9.0.17",
          "Microsoft.Extensions.Logging.Configuration": "9.0.17",
          "Microsoft.Extensions.Options": "9.0.17"
        }
      },
      "Microsoft.Extensions.Logging.Debug": {
        "type": "Transitive",
        "resolved": "9.0.17",
        "contentHash": "Wbj8H9Fug4qPY2Wrekpr2nPqJnoFetG9aaXE32TPDKs7N156iskZNvwwszaCc/0Q7p/aZLjyn6f/g8UI24PkiA==",
        "dependencies": {
          "Microsoft.Extensions.DependencyInjection.Abstractions": "9.0.17",
          "Microsoft.Extensions.Logging": "9.0.17",
          "Microsoft.Extensions.Logging.Abstractions": "9.0.17"
        }
      },
      "Microsoft.Extensions.Logging.EventLog": {
        "type": "Transitive",
        "resolved": "9.0.17",
        "contentHash": "F/krSJMzKSYYLwY3Cq2n8xk4+EfJ7lTQH2wZyVmwoPZraaxQyadJhHlFPGb9TZq9xl8QMssopcfNIOQ18JjtqA==",
        "dependencies": {
          "Microsoft.Extensions.DependencyInjection.Abstractions": "9.0.17",
          "Microsoft.Extensions.Logging": "9.0.17",
          "Microsoft.Extensions.Logging.Abstractions": "9.0.17",
          "Microsoft.Extensions.Options": "9.0.17",
          "System.Diagnostics.EventLog": "9.0.17"
        }
      },
      "Microsoft.Extensions.Logging.EventSource": {
        "type": "Transitive",
        "resolved": "9.0.17",
        "contentHash": "kWhU6dWs+lAvtlaCPyUm0qSiCJKiDfGSRxdd2NqOvlZDhoD39MB0+i0/hxfWUrQXaGHL5tKbapVkypgCminHOg==",
        "dependencies": {
          "Microsoft.Extensions.DependencyInjection.Abstractions": "9.0.17",
          "Microsoft.Extensions.Logging": "9.0.17",
          "Microsoft.Extensions.Logging.Abstractions": "9.0.17",
          "Microsoft.Extensions.Options": "9.0.17",
          "Microsoft.Extensions.Primitives": "9.0.17"
        }
      },
      "Microsoft.Extensions.Options": {
        "type": "Transitive",
        "resolved": "10.0.0",
        "contentHash": "8oCAgXOow5XDrY9HaXX1QmH3ORsyZO/ANVHBlhLyCeWTH5Sg4UuqZeOTWJi6484M+LqSx0RqQXDJtdYy2BNiLQ==",
        "dependencies": {
          "Microsoft.Extensions.DependencyInjection.Abstractions": "10.0.0",
          "Microsoft.Extensions.Primitives": "10.0.0"
        }
      },
      "Microsoft.Extensions.Options.ConfigurationExtensions": {
        "type": "Transitive",
        "resolved": "9.0.17",
        "contentHash": "DtDKGG1xP1oSYbf5C268r+YRWz+gYXu0oP5JOXM4hR6aGfeki2YFKDWiUg2B8JWcecTuwi21IbDUoU42Z3DvJw==",
        "dependencies": {
          "Microsoft.Extensions.Configuration.Abstractions": "9.0.17",
          "Microsoft.Extensions.Configuration.Binder": "9.0.17",
          "Microsoft.Extensions.DependencyInjection.Abstractions": "9.0.17",
          "Microsoft.Extensions.Options": "9.0.17",
          "Microsoft.Extensions.Primitives": "9.0.17"
        }
      },
      "Microsoft.Extensions.Primitives": {
        "type": "Transitive",
        "resolved": "10.0.0",
        "contentHash": "inRnbpCS0nwO/RuoZIAqxQUuyjaknOOnCEZB55KSMMjRhl0RQDttSmLSGsUJN3RQ3ocf5NDLFd2mOQViHqMK5w=="
      },
      "Microsoft.IdentityModel.Abstractions": {
        "type": "Transitive",
        "resolved": "8.19.1",
        "contentHash": "gFA8THIk23uNF/vMdOHnjIdXD1LyA2g12cHzMJ+Xag6WpgWLw6E/6uCXxvA0gp9d2yAvkRt3xzFzMUiO/hofnQ=="
      },
      "Microsoft.IdentityModel.JsonWebTokens": {
        "type": "Transitive",
        "resolved": "8.19.1",
        "contentHash": "6eeY+y2QFyjj3XnCz/8gJdoP5smYHTS9ow1bw2nsZzDIPjPhBZlackYTIduSMipVpxnoT/B62LkrXX2jPggOXg==",
        "dependencies": {
          "Microsoft.IdentityModel.Tokens": "8.19.1"
        }
      },
      "Microsoft.IdentityModel.Logging": {
        "type": "Transitive",
        "resolved": "8.19.1",
        "contentHash": "H+sMrMpdbWnwkQnpb/ESkQovtOgdefmj0ecGCcP40mDKzE5i4dUYkH6599M9mWYFNGNJnTp92l/9wLubYXWimw==",
        "dependencies": {
          "Microsoft.IdentityModel.Abstractions": "8.19.1"
        }
      },
      "Microsoft.IdentityModel.Protocols": {
        "type": "Transitive",
        "resolved": "8.0.1",
        "contentHash": "uA2vpKqU3I2mBBEaeJAWPTjT9v1TZrGWKdgK6G5qJd03CLx83kdiqO9cmiK8/n1erkHzFBwU/RphP83aAe3i3g==",
        "dependencies": {
          "Microsoft.IdentityModel.Tokens": "8.0.1"
        }
      },
      "Microsoft.IdentityModel.Protocols.OpenIdConnect": {
        "type": "Transitive",
        "resolved": "8.0.1",
        "contentHash": "AQDbfpL+yzuuGhO/mQhKNsp44pm5Jv8/BI4KiFXR7beVGZoSH35zMV3PrmcfvSTsyI6qrcR898NzUauD6SRigg==",
        "dependencies": {
          "Microsoft.IdentityModel.Protocols": "8.0.1",
          "System.IdentityModel.Tokens.Jwt": "8.0.1"
        }
      },
      "Microsoft.IdentityModel.Tokens": {
        "type": "Transitive",
        "resolved": "8.19.1",
        "contentHash": "KDiuSLXud2AFVNAOottd8ztVysfPeHyr4r8gofU3/VKUXlI7oytzGTnPsNJ/B3nui17rgz8wAdWNJOtzPjkUxw==",
        "dependencies": {
          "Microsoft.Bcl.Cryptography": "10.0.2",
          "Microsoft.Extensions.Logging.Abstractions": "8.0.0",
          "Microsoft.IdentityModel.Logging": "8.19.1"
        }
      },
      "Microsoft.OpenApi": {
        "type": "Transitive",
        "resolved": "2.7.5",
        "contentHash": "0FA67RSnRM4tcBKqiqVu/HPdZ9+QOKbmeRjxRUGTCjPU4C0bmUhd97Dso7Yild5P7nOV6GxJ2xrK0Kv/O9xp0w==",
        "dependencies": {
          "System.Text.Json": "8.0.5"
        }
      },
      "Microsoft.TestPlatform.ObjectModel": {
        "type": "Transitive",
        "resolved": "17.12.0",
        "contentHash": "TDqkTKLfQuAaPcEb3pDDWnh7b3SyZF+/W9OZvWFp6eJCIiiYFdSB6taE2I6tWrFw5ywhzOb6sreoGJTI6m3rSQ==",
        "dependencies": {
          "System.Reflection.Metadata": "1.6.0"
        }
      },
      "Microsoft.TestPlatform.TestHost": {
        "type": "Transitive",
        "resolved": "17.12.0",
        "contentHash": "MiPEJQNyADfwZ4pJNpQex+t9/jOClBGMiCiVVFuELCMSX2nmNfvUor3uFVxNNCg30uxDP8JDYfPnMXQzsfzYyg==",
        "dependencies": {
          "Microsoft.TestPlatform.ObjectModel": "17.12.0",
          "Newtonsoft.Json": "13.0.1"
        }
      },
      "Newtonsoft.Json": {
        "type": "Transitive",
        "resolved": "13.0.1",
        "contentHash": "ppPFpBcvxdsfUonNcvITKqLl3bqxWbDCZIzDWHzjpdAHRFfZe0Dw9HmA0+za13IdyrgJwpkDTDA9fHaxOrt20A=="
      },
      "Npgsql": {
        "type": "Transitive",
        "resolved": "9.0.3",
        "contentHash": "tPvY61CxOAWxNsKLEBg+oR646X4Bc8UmyQ/tJszL/7mEmIXQnnBhVJZrZEEUv0Bstu0mEsHZD5At3EO8zQRAYw==",
        "dependencies": {
          "Microsoft.Extensions.Logging.Abstractions": "8.0.2"
        }
      },
      "Npgsql.EntityFrameworkCore.PostgreSQL": {
        "type": "Transitive",
        "resolved": "9.0.4",
        "contentHash": "mw5vcY2IEc7L+IeGrxpp/J5OSnCcjkjAgJYCm/eD52wpZze8zsSifdqV7zXslSMmfJG2iIUGZyo3KuDtEFKwMQ==",
        "dependencies": {
          "Microsoft.EntityFrameworkCore": "[9.0.1, 10.0.0)",
          "Microsoft.EntityFrameworkCore.Relational": "[9.0.1, 10.0.0)",
          "Npgsql": "9.0.3"
        }
      },
      "OpenTelemetry": {
        "type": "Transitive",
        "resolved": "1.16.0",
        "contentHash": "nE/Px3MUvQC8c0UG0DOP5OJE7vMtiMaPYi/6TkSS/o/O0s/oPq+8WaPYTVEPzb7lwu/QyLgknc+sFm2FjPXe2A==",
        "dependencies": {
          "Microsoft.Extensions.Diagnostics.Abstractions": "9.0.0",
          "Microsoft.Extensions.Logging.Configuration": "9.0.0",
          "OpenTelemetry.Api.ProviderBuilderExtensions": "1.16.0"
        }
      },
      "OpenTelemetry.Api": {
        "type": "Transitive",
        "resolved": "1.16.0",
        "contentHash": "WZP8Eb6vZTeNqeV+fjBitc7iefBoTHIhaWorqg/h/YiQBlcQJu0bICuTqKV0XRyjiE0eWs80yLlnUtHAFSkFWA==",
        "dependencies": {
          "System.Diagnostics.DiagnosticSource": "10.0.0"
        }
      },
      "OpenTelemetry.Api.ProviderBuilderExtensions": {
        "type": "Transitive",
        "resolved": "1.16.0",
        "contentHash": "hZwaHAkXvUNn9+cS+vEvYBgIrIQOQRz2cIRUODZ5gxHsDsLeNCueLgZFkybopjE0jUhLut6lm5eL3LTqbW0hMg==",
        "dependencies": {
          "Microsoft.Extensions.DependencyInjection.Abstractions": "9.0.0",
          "OpenTelemetry.Api": "1.16.0"
        }
      },
      "OpenTelemetry.Exporter.Prometheus.AspNetCore": {
        "type": "Transitive",
        "resolved": "1.16.0-beta.1",
        "contentHash": "Vsmn9N5ID2Ic1VBaXS1PdXrQEL1Ws9RQKBP3SzgIxXITzLtyH+1W4BmyAg6ssmDRPCCOa723u8LFE5xqngsZGg==",
        "dependencies": {
          "OpenTelemetry": "[1.16.0, 2.0.0)"
        }
      },
      "OpenTelemetry.Extensions.Hosting": {
        "type": "Transitive",
        "resolved": "1.16.0",
        "contentHash": "/YfrO5MRaA156vhNanYGPX2JjOwKUrA0+Jf7ltT2eD3VkfHqXcEJY5Oxt/nWH8lqBOTc1nJpn2soBtD5Cml8Dg==",
        "dependencies": {
          "Microsoft.Extensions.Hosting.Abstractions": "9.0.0",
          "OpenTelemetry": "1.16.0"
        }
      },
      "OpenTelemetry.Instrumentation.AspNetCore": {
        "type": "Transitive",
        "resolved": "1.15.2",
        "contentHash": "2nPd7r0ug/gd6/CNFL6Rlu+RSQ9WYGSGHAYQ1ssbSqyzKJpqTunfx2I/1O0WB5k+L0cyXbG4XVZpoSoUc3M7wg==",
        "dependencies": {
          "OpenTelemetry.Api.ProviderBuilderExtensions": "[1.15.3, 2.0.0)"
        }
      },
      "OpenTelemetry.Instrumentation.EntityFrameworkCore": {
        "type": "Transitive",
        "resolved": "1.15.1-beta.1",
        "contentHash": "NmtYLk3HJUUkV0g2VnFLs67/PGIVbI8JXtu0g4f9bk2ZaInp211/AL2+Qcbgkb9ih/uOi8loN6E1Aw2o0YIWag==",
        "dependencies": {
          "Microsoft.Extensions.Configuration": "8.0.0",
          "Microsoft.Extensions.Options": "8.0.0",
          "OpenTelemetry.Api.ProviderBuilderExtensions": "[1.15.3, 2.0.0)"
        }
      },
      "OpenTelemetry.Instrumentation.Http": {
        "type": "Transitive",
        "resolved": "1.15.1",
        "contentHash": "vFO4Fj/dXkoVNGo/nhoGpO2zYQmZwr4jTID7oRGo+XlQ8LqksyZjUXQ4p39RfUvTID7IzzL8Qe71tW7CcAFymA==",
        "dependencies": {
          "Microsoft.Extensions.Configuration": "8.0.0",
          "Microsoft.Extensions.Options": "8.0.0",
          "OpenTelemetry.Api.ProviderBuilderExtensions": "[1.15.3, 2.0.0)"
        }
      },
      "OpenTelemetry.Instrumentation.Runtime": {
        "type": "Transitive",
        "resolved": "1.15.1",
        "contentHash": "cpPwlUT5HXcLGPaIgsbSy0W9eFYAPGVbTP1p8/uyQ4Osvf5BJuPpEXE7crL09SmEd44r0DGNKDtsqxaAz0HxQw==",
        "dependencies": {
          "OpenTelemetry.Api": "[1.15.3, 2.0.0)"
        }
      },
      "Serilog": {
        "type": "Transitive",
        "resolved": "4.3.0",
        "contentHash": "+cDryFR0GRhsGOnZSKwaDzRRl4MupvJ42FhCE4zhQRVanX0Jpg6WuCBk59OVhVDPmab1bB+nRykAnykYELA9qQ=="
      },
      "Serilog.AspNetCore": {
        "type": "Transitive",
        "resolved": "10.0.0",
        "contentHash": "a/cNa1mY4On1oJlfGG1wAvxjp5g7OEzk/Jf/nm7NF9cWoE7KlZw1GldrifUBWm9oKibHkR7Lg/l5jy3y7ACR8w==",
        "dependencies": {
          "Serilog": "4.3.0",
          "Serilog.Extensions.Hosting": "10.0.0",
          "Serilog.Formatting.Compact": "3.0.0",
          "Serilog.Settings.Configuration": "10.0.0",
          "Serilog.Sinks.Console": "6.1.1",
          "Serilog.Sinks.Debug": "3.0.0",
          "Serilog.Sinks.File": "7.0.0"
        }
      },
      "Serilog.Extensions.Hosting": {
        "type": "Transitive",
        "resolved": "10.0.0",
        "contentHash": "E7juuIc+gzoGxgzFooFgAV8g9BfiSXNKsUok9NmEpyAXg2odkcPsMa/Yo4axkJRlh0se7mkYQ1GXDaBemR+b6w==",
        "dependencies": {
          "Microsoft.Extensions.DependencyInjection.Abstractions": "10.0.0",
          "Microsoft.Extensions.Hosting.Abstractions": "10.0.0",
          "Microsoft.Extensions.Logging.Abstractions": "10.0.0",
          "Serilog": "4.3.0",
          "Serilog.Extensions.Logging": "10.0.0"
        }
      },
      "Serilog.Extensions.Logging": {
        "type": "Transitive",
        "resolved": "10.0.0",
        "contentHash": "vx0kABKl2dWbBhhqAfTOk53/i8aV/5VaT3a6il9gn72Wqs2pM7EK2OB6No6xdqK2IaY6Zf9gdjLuK9BVa2rT+Q==",
        "dependencies": {
          "Microsoft.Extensions.Logging": "10.0.0",
          "Serilog": "4.2.0"
        }
      },
      "Serilog.Formatting.Compact": {
        "type": "Transitive",
        "resolved": "3.0.0",
        "contentHash": "wQsv14w9cqlfB5FX2MZpNsTawckN4a8dryuNGbebB/3Nh1pXnROHZov3swtu3Nj5oNG7Ba+xdu7Et/ulAUPanQ==",
        "dependencies": {
          "Serilog": "4.0.0"
        }
      },
      "Serilog.Settings.Configuration": {
        "type": "Transitive",
        "resolved": "10.0.0",
        "contentHash": "LNq+ibS1sbhTqPV1FIE69/9AJJbfaOhnaqkzcjFy95o+4U+STsta9mi97f1smgXsWYKICDeGUf8xUGzd/52/uA==",
        "dependencies": {
          "Microsoft.Extensions.Configuration.Binder": "10.0.0",
          "Microsoft.Extensions.DependencyModel": "10.0.0",
          "Serilog": "4.3.0"
        }
      },
      "Serilog.Sinks.Console": {
        "type": "Transitive",
        "resolved": "6.1.1",
        "contentHash": "8jbqgjUyZlfCuSTaJk6lOca465OndqOz3KZP6Cryt/IqZYybyBu7GP0fE/AXBzrrQB3EBmQntBFAvMVz1COvAA==",
        "dependencies": {
          "Serilog": "4.0.0"
        }
      },
      "Serilog.Sinks.Debug": {
        "type": "Transitive",
        "resolved": "3.0.0",
        "contentHash": "4BzXcdrgRX7wde9PmHuYd9U6YqycCC28hhpKonK7hx0wb19eiuRj16fPcPSVp0o/Y1ipJuNLYQ00R3q2Zs8FDA==",
        "dependencies": {
          "Serilog": "4.0.0"
        }
      },
      "Serilog.Sinks.File": {
        "type": "Transitive",
        "resolved": "7.0.0",
        "contentHash": "fKL7mXv7qaiNBUC71ssvn/dU0k9t0o45+qm2XgKAlSt19xF+ijjxyA3R6HmCgfKEKwfcfkwWjayuQtRueZFkYw==",
        "dependencies": {
          "Serilog": "4.2.0"
        }
      },
      "Swashbuckle.AspNetCore": {
        "type": "Transitive",
        "resolved": "10.2.2",
        "contentHash": "vgXTCFRbRlfCJHE9zAhgd1QJR4AEoEuYm+i7E4xeqa/WNI77JHnNG21/NXdnK5tgpJeQ7pzp/vNYvTpMZDEd1A==",
        "dependencies": {
          "Microsoft.Extensions.ApiDescription.Server": "9.0.0",
          "Swashbuckle.AspNetCore.Swagger": "10.2.2",
          "Swashbuckle.AspNetCore.SwaggerGen": "10.2.2",
          "Swashbuckle.AspNetCore.SwaggerUI": "10.2.2"
        }
      },
      "Swashbuckle.AspNetCore.Swagger": {
        "type": "Transitive",
        "resolved": "10.2.2",
        "contentHash": "XftCYHVoKpi1PO4FjZN4LqFgvcSJPAojTOBCokkEcJLitfAYbaLya1i1XjirnNd7pykK9Nedk3IANyGLVDbYSQ==",
        "dependencies": {
          "Microsoft.OpenApi": "2.7.5"
        }
      },
      "Swashbuckle.AspNetCore.SwaggerGen": {
        "type": "Transitive",
        "resolved": "10.2.2",
        "contentHash": "c0iLanVdOSs0JSmd3Oj8HObTgTsTP4UecynmaFrVTvX+76hnyLciA6Vb1oetmVjdQTpRJUzJlx/H19p8bLjVlg==",
        "dependencies": {
          "Swashbuckle.AspNetCore.Swagger": "10.2.2"
        }
      },
      "Swashbuckle.AspNetCore.SwaggerUI": {
        "type": "Transitive",
        "resolved": "10.2.2",
        "contentHash": "DVpnuuBQxh95eo+2gQ/HXxrl91Fhe9JIWUW0KxiTV+nLFoJTCyUaJsKpB7kdowDHDk3qnGqF3sZaGrCmAhWCwg=="
      },
      "System.Diagnostics.DiagnosticSource": {
        "type": "Transitive",
        "resolved": "10.0.0",
        "contentHash": "0KdBK+h7G13PuOSC2R/DalAoFMvdYMznvGRuICtkdcUMXgl/gYXsG6z4yUvTxHSMACorWgHCU1Faq0KUHU6yAQ=="
      },
      "System.Diagnostics.EventLog": {
        "type": "Transitive",
        "resolved": "9.0.17",
        "contentHash": "4CxRyWjLb+XAXLG+uUJZoDReoUIFe+fVvbfI6FUl/BQoehnhgHIoeQknNBLTrYBOWAY4JWk20nJYCedhD1IIcw=="
      },
      "System.IdentityModel.Tokens.Jwt": {
        "type": "Transitive",
        "resolved": "8.19.1",
        "contentHash": "2VHcRtT95GAcW1E3aVBLvL2rAAMxKHXKMXKXFyWzwgkdFXZPMMvP8tVOfnRydL4vTr1RirNuGC6T8VSEF2YsPQ==",
        "dependencies": {
          "Microsoft.IdentityModel.JsonWebTokens": "8.19.1",
          "Microsoft.IdentityModel.Tokens": "8.19.1"
        }
      },
      "System.IO.Pipelines": {
        "type": "Transitive",
        "resolved": "10.0.0",
        "contentHash": "M1eb3nfXntaRJPrrMVM9EFS8I1bDTnt0uvUS6QP/SicZf/ZZjydMD5NiXxfmwW/uQwaMDP/yX2P+zQN1NBHChg=="
      },
      "System.Reflection.Metadata": {
        "type": "Transitive",
        "resolved": "1.6.0",
        "contentHash": "COC1aiAJjCoA5GBF+QKL2uLqEBew4JsCkQmoHKbN3TlOZKa2fKLz5CpiRQKDz0RsAOEGsVKqOD5bomsXq/4STQ=="
      },
      "System.Security.Cryptography.Pkcs": {
        "type": "Transitive",
        "resolved": "9.0.17",
        "contentHash": "jlGYOahYqiM9Og48qSaUDtY1/Mz4/2eFdkb2+erSPaBihMM03dhBE1ZXNzWqEF3NRiEK80NQqctqQJrtcCEWWQ=="
      },
      "System.Security.Cryptography.Xml": {
        "type": "Transitive",
        "resolved": "9.0.17",
        "contentHash": "X0H+l6JafwsRNwFMeyNpcqi9mPp0owBFjjfhw2WdCaIu7uFX4bJRHYlfAQvkgouASe4GAMSXO+wc+xOtWJBMnQ==",
        "dependencies": {
          "System.Security.Cryptography.Pkcs": "9.0.17"
        }
      },
      "System.Text.Encodings.Web": {
        "type": "Transitive",
        "resolved": "10.0.0",
        "contentHash": "257hh1ep1Gqm1Lm0ulxf7vVBVMJuGN6EL4xSWjpi46DffXzm1058IiWsfSC06zSm7SniN+Tb5160UnXsSa8rRg=="
      },
      "System.Text.Json": {
        "type": "Transitive",
        "resolved": "10.0.0",
        "contentHash": "1Dpjwq9peG/Wt5BNbrzIhTpclfOSqBWZsUO28vVr59yQlkvL5jLBWfpfzRmJ1OY+6DciaY0DUcltyzs4fuZHjw==",
        "dependencies": {
          "System.IO.Pipelines": "10.0.0",
          "System.Text.Encodings.Web": "10.0.0"
        }
      },
      "xunit.abstractions": {
        "type": "Transitive",
        "resolved": "2.0.3",
        "contentHash": "pot1I4YOxlWjIb5jmwvvQNbTrZ3lJQ+jUGkGjWE3hEFM0l5gOnBWS+H3qsex68s5cO52g+44vpGzhAt+42vwKg=="
      },
      "xunit.analyzers": {
        "type": "Transitive",
        "resolved": "1.16.0",
        "contentHash": "hptYM7vGr46GUIgZt21YHO4rfuBAQS2eINbFo16CV/Dqq+24Tp+P5gDCACu1AbFfW4Sp/WRfDPSK8fmUUb8s0Q=="
      },
      "xunit.assert": {
        "type": "Transitive",
        "resolved": "2.9.2",
        "contentHash": "QkNBAQG4pa66cholm28AxijBjrmki98/vsEh4Sx5iplzotvPgpiotcxqJQMRC8d7RV7nIT8ozh97957hDnZwsQ=="
      },
      "xunit.core": {
        "type": "Transitive",
        "resolved": "2.9.2",
        "contentHash": "O6RrNSdmZ0xgEn5kT927PNwog5vxTtKrWMihhhrT0Sg9jQ7iBDciYOwzBgP2krBEk5/GBXI18R1lKvmnxGcb4w==",
        "dependencies": {
          "xunit.extensibility.core": "[2.9.2]",
          "xunit.extensibility.execution": "[2.9.2]"
        }
      },
      "xunit.extensibility.core": {
        "type": "Transitive",
        "resolved": "2.9.2",
        "contentHash": "Ol+KlBJz1x8BrdnhN2DeOuLrr1I/cTwtHCggL9BvYqFuVd/TUSzxNT5O0NxCIXth30bsKxgMfdqLTcORtM52yQ==",
        "dependencies": {
          "xunit.abstractions": "2.0.3"
        }
      },
      "xunit.extensibility.execution": {
        "type": "Transitive",
        "resolved": "2.9.2",
        "contentHash": "rKMpq4GsIUIJibXuZoZ8lYp5EpROlnYaRpwu9Zr0sRZXE7JqJfEEbCsUriZqB+ByXCLFBJyjkTRULMdC+U566g==",
        "dependencies": {
          "xunit.extensibility.core": "[2.9.2]"
        }
      },
      "compliance360.application": {
        "type": "Project",
        "dependencies": {
          "Compliance360.Domain": "[1.0.0, )",
          "Compliance360.Shared": "[1.0.0, )",
          "Microsoft.Extensions.Options": "[9.*, )"
        }
      },
      "compliance360.domain": {
        "type": "Project"
      },
      "compliance360.infrastructure": {
        "type": "Project",
        "dependencies": {
          "Compliance360.Application": "[1.0.0, )",
          "Compliance360.Domain": "[1.0.0, )",
          "Compliance360.Shared": "[1.0.0, )",
          "Microsoft.AspNetCore.DataProtection": "[9.*, )",
          "Microsoft.EntityFrameworkCore": "[9.*, )",
          "Microsoft.Extensions.Configuration.Abstractions": "[9.*, )",
          "Microsoft.Extensions.DependencyInjection.Abstractions": "[9.*, )",
          "Microsoft.Extensions.Http": "[9.*, )",
          "Microsoft.Extensions.Options.ConfigurationExtensions": "[9.*, )",
          "Npgsql.EntityFrameworkCore.PostgreSQL": "[9.*, )",
          "System.IdentityModel.Tokens.Jwt": "[8.19.1, )"
        }
      },
      "compliance360.shared": {
        "type": "Project"
      },
      "compliance360.web": {
        "type": "Project",
        "dependencies": {
          "Compliance360.Application": "[1.0.0, )",
          "Compliance360.Infrastructure": "[1.0.0, )",
          "Compliance360.Shared": "[1.0.0, )",
          "Microsoft.AspNetCore.Authentication.JwtBearer": "[9.*, )",
          "Microsoft.EntityFrameworkCore.Relational": "[9.*, )",
          "OpenTelemetry.Exporter.Prometheus.AspNetCore": "[1.16.0-beta.1, )",
          "OpenTelemetry.Extensions.Hosting": "[1.16.0, )",
          "OpenTelemetry.Instrumentation.AspNetCore": "[1.15.2, )",
          "OpenTelemetry.Instrumentation.EntityFrameworkCore": "[1.15.1-beta.1, )",
          "OpenTelemetry.Instrumentation.Http": "[1.15.1, )",
          "OpenTelemetry.Instrumentation.Runtime": "[1.15.1, )",
          "Serilog.AspNetCore": "[10.0.0, )",
          "Serilog.Formatting.Compact": "[3.0.0, )",
          "Swashbuckle.AspNetCore": "[10.2.2, )"
        }
      }
    }
  }
}