{
  "version": 1,
  "dependencies": {
    "net9.0": {
      "Cronos": {
        "type": "Direct",
        "requested": "[0.13.0, )",
        "resolved": "0.13.0",
        "contentHash": "Nkve+Yi0+ol3ntSBRHeW0ka9cJQ8vndSUvvkXqF9LVqwpoqWueyxu/HS275r98RDOmF7/mzRnZW5XXUBXob+TA=="
      },
      "Microsoft.Extensions.Options": {
        "type": "Direct",
        "requested": "[9.*, )",
        "resolved": "9.0.18",
        "contentHash": "HiA/R0jGR10TGuR6coM8KMUdJ5YlP3bhGxqEdGLkxFdBV1EFNdZMAajSEZHwkex4X/iMQwRCQVotqpElcxOImg==",
        "dependencies": {
          "Microsoft.Extensions.DependencyInjection.Abstractions": "9.0.18",
          "Microsoft.Extensions.Primitives": "9.0.18"
        }
      },
      "Microsoft.Extensions.DependencyInjection.Abstractions": {
        "type": "Transitive",
        "resolved": "9.0.18",
        "contentHash": "eSUdaLUP+pj1J7SpCsUYQP6dNk0w9g0KGu4ovPYBnlfqomW1u+1fF8ZIjMVuHY6Z3p30yL0SxND9JTS6i3NolQ=="
      },
      "Microsoft.Extensions.Primitives": {
        "type": "Transitive",
        "resolved": "9.0.18",
        "contentHash": "hfHudMC5zDlwMrC0HiHOJesSHMvM+CdqjomjcV/YVzFq5dfSpBRvyRLm1n1Bfh41ZpQnyJzqX+YEo95BAmcDAQ=="
      },
      "compliance360.domain": {
        "type": "Project"
      },
      "compliance360.shared": {
        "type": "Project"
      }
    }
  }
}